// !$*UTF8*$!
{
	archiveVersion = 1;
	classes = {
	};
	objectVersion = 50;
	objects = {

/* Begin PBXBuildFile section */
		8414475F2266C4D200A38AAB /* YelpAutoCompleteResponse.swift in Sources */ = {isa = PBXBuildFile; fileRef = 8414475E2266C4D200A38AAB /* YelpAutoCompleteResponse.swift */; };
		8417FCBD227B8A6D005BC240 /* CategoryCell.swift in Sources */ = {isa = PBXBuildFile; fileRef = 8417FCBC227B8A6D005BC240 /* CategoryCell.swift */; };
		842AD7D52284D74D00590B1A /* OpeningController+UI.swift in Sources */ = {isa = PBXBuildFile; fileRef = 842AD7D42284D74D00590B1A /* OpeningController+UI.swift */; };
		842AD7D72284D80B00590B1A /* OpeningController+Handler.swift in Sources */ = {isa = PBXBuildFile; fileRef = 842AD7D62284D80B00590B1A /* OpeningController+Handler.swift */; };
		842AD7D9228538B900590B1A /* BusinessController.swift in Sources */ = {isa = PBXBuildFile; fileRef = 842AD7D8228538B900590B1A /* BusinessController.swift */; };
		8435B1D4227A4EED00E95B4E /* OpeningController+Search.swift in Sources */ = {isa = PBXBuildFile; fileRef = 8435B1D2227A4EEC00E95B4E /* OpeningController+Search.swift */; };
		8435B1D5227A4EED00E95B4E /* OpeningController+TableView.swift in Sources */ = {isa = PBXBuildFile; fileRef = 8435B1D3227A4EED00E95B4E /* OpeningController+TableView.swift */; };
		8435B1D8227A54B600E95B4E /* OpeningController+Fetched.swift in Sources */ = {isa = PBXBuildFile; fileRef = 8435B1D7227A54B600E95B4E /* OpeningController+Fetched.swift */; };
		843C66F9227D25D7003A64D1 /* 1 - GroupsController.swift in Sources */ = {isa = PBXBuildFile; fileRef = 843C66F8227D25D7003A64D1 /* 1 - GroupsController.swift */; };
		843C66FB227DC97A003A64D1 /* _BusinessCell.swift in Sources */ = {isa = PBXBuildFile; fileRef = 843C66FA227DC97A003A64D1 /* _BusinessCell.swift */; };
		844F64B62277B3E0003E6A93 /* Categories+Extension.swift in Sources */ = {isa = PBXBuildFile; fileRef = 844F64B52277B3E0003E6A93 /* Categories+Extension.swift */; };
		846509BA227A0C06008ABA9F /* OpeningController.swift in Sources */ = {isa = PBXBuildFile; fileRef = 846509B9227A0C06008ABA9F /* OpeningController.swift */; };
		848761CD227E856C000CECC7 /* 2 - MapController.swift in Sources */ = {isa = PBXBuildFile; fileRef = 848761CC227E856C000CECC7 /* 2 - MapController.swift */; };
		848761D0227F176F000CECC7 /* MenuController.swift in Sources */ = {isa = PBXBuildFile; fileRef = 848761CF227F176F000CECC7 /* MenuController.swift */; };
		848761D3227F221D000CECC7 /* SearchByMapController.swift in Sources */ = {isa = PBXBuildFile; fileRef = 848761D2227F221D000CECC7 /* SearchByMapController.swift */; };
		848761D5227F8AE3000CECC7 /* SearchByAddressController.swift in Sources */ = {isa = PBXBuildFile; fileRef = 848761D4227F8AE3000CECC7 /* SearchByAddressController.swift */; };
		848761D7227F8E09000CECC7 /* NSAttributedStringKeys.swift in Sources */ = {isa = PBXBuildFile; fileRef = 848761D6227F8E09000CECC7 /* NSAttributedStringKeys.swift */; };
		848761D9227F8E5F000CECC7 /* UIButton+Extensions.swift in Sources */ = {isa = PBXBuildFile; fileRef = 848761D8227F8E5F000CECC7 /* UIButton+Extensions.swift */; };
		848761DB227F8E7B000CECC7 /* UITextField+Extensions.swift in Sources */ = {isa = PBXBuildFile; fileRef = 848761DA227F8E7B000CECC7 /* UITextField+Extensions.swift */; };
		848B8E10227202B000F761F5 /* CreateYelpURLDuringLooping.swift in Sources */ = {isa = PBXBuildFile; fileRef = 848B8E0F227202B000F761F5 /* CreateYelpURLDuringLooping.swift */; };
		84B3CF8C2268A9030012A75C /* MyTabController.swift in Sources */ = {isa = PBXBuildFile; fileRef = 84B3CF8B2268A9030012A75C /* MyTabController.swift */; };
		84BDE2F02263D007008C9B01 /* AppDelegate.swift in Sources */ = {isa = PBXBuildFile; fileRef = 84BDE2EF2263D007008C9B01 /* AppDelegate.swift */; };
		84BDE2F72263D009008C9B01 /* Assets.xcassets in Resources */ = {isa = PBXBuildFile; fileRef = 84BDE2F62263D009008C9B01 /* Assets.xcassets */; };
		84BDE2FA2263D009008C9B01 /* LaunchScreen.storyboard in Resources */ = {isa = PBXBuildFile; fileRef = 84BDE2F82263D009008C9B01 /* LaunchScreen.storyboard */; };
		84BDE3072263D3CE008C9B01 /* UIView+Extensions.swift in Sources */ = {isa = PBXBuildFile; fileRef = 84BDE3042263D3CD008C9B01 /* UIView+Extensions.swift */; };
		84BDE3082263D3CE008C9B01 /* UIColor+Extension.swift in Sources */ = {isa = PBXBuildFile; fileRef = 84BDE3052263D3CD008C9B01 /* UIColor+Extension.swift */; };
		84BDE3092263D3CE008C9B01 /* UIViewController+Extension.swift in Sources */ = {isa = PBXBuildFile; fileRef = 84BDE3062263D3CE008C9B01 /* UIViewController+Extension.swift */; };
		84BDE30D2263DAE1008C9B01 /* CustomNavigationController.swift in Sources */ = {isa = PBXBuildFile; fileRef = 84BDE30C2263DAE1008C9B01 /* CustomNavigationController.swift */; };
		84BDE30F2263E652008C9B01 /* UNSYNC.swift in Sources */ = {isa = PBXBuildFile; fileRef = 84BDE30E2263E652008C9B01 /* UNSYNC.swift */; };
		84BDE31122642B27008C9B01 /* YelpClient.swift in Sources */ = {isa = PBXBuildFile; fileRef = 84BDE31022642B27008C9B01 /* YelpClient.swift */; };
		84D3DB9E2266DF5200E46B2E /* BusinessCell.swift in Sources */ = {isa = PBXBuildFile; fileRef = 84D3DB9D2266DF5200E46B2E /* BusinessCell.swift */; };
		84DC40D022693AA8003003C4 /* YelpAPIErrorResponse.swift in Sources */ = {isa = PBXBuildFile; fileRef = 84DC40CF22693AA8003003C4 /* YelpAPIErrorResponse.swift */; };
		84DC40D222697319003003C4 /* Error Enums.swift in Sources */ = {isa = PBXBuildFile; fileRef = 84DC40D122697319003003C4 /* Error Enums.swift */; };
		84DC40DB2269F590003003C4 /* MyTabController+Handle.swift in Sources */ = {isa = PBXBuildFile; fileRef = 84DC40DA2269F590003003C4 /* MyTabController+Handle.swift */; };
		84DC40DD2269F7C0003003C4 /* YelpBusinessResponse.swift in Sources */ = {isa = PBXBuildFile; fileRef = 84DC40DC2269F7C0003003C4 /* YelpBusinessResponse.swift */; };
		84DC40E9226B7BD7003003C4 /* YelpDataModels.xcdatamodeld in Sources */ = {isa = PBXBuildFile; fileRef = 84DC40E7226B7BD7003003C4 /* YelpDataModels.xcdatamodeld */; };
		84DC40EB226BCB2C003003C4 /* DataController.swift in Sources */ = {isa = PBXBuildFile; fileRef = 84DC40EA226BCB2C003003C4 /* DataController.swift */; };
		84DC40ED226BFCC3003003C4 /* Location+Extension.swift in Sources */ = {isa = PBXBuildFile; fileRef = 84DC40EC226BFCC3003003C4 /* Location+Extension.swift */; };
		84F1B472226DFFA200EDBABC /* YelpAllCategoriesResponse.swift in Sources */ = {isa = PBXBuildFile; fileRef = 84F1B471226DFFA200EDBABC /* YelpAllCategoriesResponse.swift */; };
		84FBC8CA2277204B00833562 /* Category+Extension.swift in Sources */ = {isa = PBXBuildFile; fileRef = 84FBC8C92277204B00833562 /* Category+Extension.swift */; };
/* End PBXBuildFile section */

/* Begin PBXFileReference section */
		8414475E2266C4D200A38AAB /* YelpAutoCompleteResponse.swift */ = {isa = PBXFileReference; lastKnownFileType = sourcecode.swift; path = YelpAutoCompleteResponse.swift; sourceTree = "<group>"; };
		8417FCBC227B8A6D005BC240 /* CategoryCell.swift */ = {isa = PBXFileReference; lastKnownFileType = sourcecode.swift; path = CategoryCell.swift; sourceTree = "<group>"; };
		842AD7D42284D74D00590B1A /* OpeningController+UI.swift */ = {isa = PBXFileReference; lastKnownFileType = sourcecode.swift; path = "OpeningController+UI.swift"; sourceTree = "<group>"; };
		842AD7D62284D80B00590B1A /* OpeningController+Handler.swift */ = {isa = PBXFileReference; lastKnownFileType = sourcecode.swift; path = "OpeningController+Handler.swift"; sourceTree = "<group>"; };
		842AD7D8228538B900590B1A /* BusinessController.swift */ = {isa = PBXFileReference; lastKnownFileType = sourcecode.swift; path = BusinessController.swift; sourceTree = "<group>"; };
		8435B1D2227A4EEC00E95B4E /* OpeningController+Search.swift */ = {isa = PBXFileReference; fileEncoding = 4; lastKnownFileType = sourcecode.swift; name = "OpeningController+Search.swift"; path = "Business_Search/Controllers/1 - OpeningControllers/OpeningController+Search.swift"; sourceTree = SOURCE_ROOT; };
		8435B1D3227A4EED00E95B4E /* OpeningController+TableView.swift */ = {isa = PBXFileReference; fileEncoding = 4; lastKnownFileType = sourcecode.swift; name = "OpeningController+TableView.swift"; path = "Business_Search/Controllers/1 - OpeningControllers/OpeningController+TableView.swift"; sourceTree = SOURCE_ROOT; xcLanguageSpecificationIdentifier = xcode.lang.swift; };
		8435B1D7227A54B600E95B4E /* OpeningController+Fetched.swift */ = {isa = PBXFileReference; lastKnownFileType = sourcecode.swift; path = "OpeningController+Fetched.swift"; sourceTree = "<group>"; };
		843C66F8227D25D7003A64D1 /* 1 - GroupsController.swift */ = {isa = PBXFileReference; lastKnownFileType = sourcecode.swift; path = "1 - GroupsController.swift"; sourceTree = "<group>"; };
		843C66FA227DC97A003A64D1 /* _BusinessCell.swift */ = {isa = PBXFileReference; lastKnownFileType = sourcecode.swift; path = _BusinessCell.swift; sourceTree = "<group>"; xcLanguageSpecificationIdentifier = xcode.lang.swift; };
		844F64B52277B3E0003E6A93 /* Categories+Extension.swift */ = {isa = PBXFileReference; lastKnownFileType = sourcecode.swift; path = "Categories+Extension.swift"; sourceTree = "<group>"; };
		846509B9227A0C06008ABA9F /* OpeningController.swift */ = {isa = PBXFileReference; lastKnownFileType = sourcecode.swift; path = OpeningController.swift; sourceTree = "<group>"; xcLanguageSpecificationIdentifier = xcode.lang.swift; };
		848761CC227E856C000CECC7 /* 2 - MapController.swift */ = {isa = PBXFileReference; lastKnownFileType = sourcecode.swift; path = "2 - MapController.swift"; sourceTree = "<group>"; };
		848761CF227F176F000CECC7 /* MenuController.swift */ = {isa = PBXFileReference; lastKnownFileType = sourcecode.swift; path = MenuController.swift; sourceTree = "<group>"; };
		848761D2227F221D000CECC7 /* SearchByMapController.swift */ = {isa = PBXFileReference; lastKnownFileType = sourcecode.swift; path = SearchByMapController.swift; sourceTree = "<group>"; };
		848761D4227F8AE3000CECC7 /* SearchByAddressController.swift */ = {isa = PBXFileReference; lastKnownFileType = sourcecode.swift; path = SearchByAddressController.swift; sourceTree = "<group>"; };
		848761D6227F8E09000CECC7 /* NSAttributedStringKeys.swift */ = {isa = PBXFileReference; fileEncoding = 4; lastKnownFileType = sourcecode.swift; path = NSAttributedStringKeys.swift; sourceTree = "<group>"; };
		848761D8227F8E5F000CECC7 /* UIButton+Extensions.swift */ = {isa = PBXFileReference; fileEncoding = 4; lastKnownFileType = sourcecode.swift; path = "UIButton+Extensions.swift"; sourceTree = "<group>"; };
		848761DA227F8E7B000CECC7 /* UITextField+Extensions.swift */ = {isa = PBXFileReference; fileEncoding = 4; lastKnownFileType = sourcecode.swift; path = "UITextField+Extensions.swift"; sourceTree = "<group>"; };
		848B8E0F227202B000F761F5 /* CreateYelpURLDuringLooping.swift */ = {isa = PBXFileReference; lastKnownFileType = sourcecode.swift; path = CreateYelpURLDuringLooping.swift; sourceTree = "<group>"; };
		84B3CF8B2268A9030012A75C /* MyTabController.swift */ = {isa = PBXFileReference; lastKnownFileType = sourcecode.swift; path = MyTabController.swift; sourceTree = "<group>"; };
		84BDE2EC2263D007008C9B01 /* Business_Search.app */ = {isa = PBXFileReference; explicitFileType = wrapper.application; includeInIndex = 0; path = Business_Search.app; sourceTree = BUILT_PRODUCTS_DIR; };
		84BDE2EF2263D007008C9B01 /* AppDelegate.swift */ = {isa = PBXFileReference; lastKnownFileType = sourcecode.swift; path = AppDelegate.swift; sourceTree = "<group>"; };
		84BDE2F62263D009008C9B01 /* Assets.xcassets */ = {isa = PBXFileReference; lastKnownFileType = folder.assetcatalog; path = Assets.xcassets; sourceTree = "<group>"; };
		84BDE2F92263D009008C9B01 /* Base */ = {isa = PBXFileReference; lastKnownFileType = file.storyboard; name = Base; path = Base.lproj/LaunchScreen.storyboard; sourceTree = "<group>"; };
		84BDE2FB2263D009008C9B01 /* Info.plist */ = {isa = PBXFileReference; lastKnownFileType = text.plist.xml; path = Info.plist; sourceTree = "<group>"; };
		84BDE3042263D3CD008C9B01 /* UIView+Extensions.swift */ = {isa = PBXFileReference; fileEncoding = 4; lastKnownFileType = sourcecode.swift; path = "UIView+Extensions.swift"; sourceTree = "<group>"; };
		84BDE3052263D3CD008C9B01 /* UIColor+Extension.swift */ = {isa = PBXFileReference; fileEncoding = 4; lastKnownFileType = sourcecode.swift; path = "UIColor+Extension.swift"; sourceTree = "<group>"; };
		84BDE3062263D3CE008C9B01 /* UIViewController+Extension.swift */ = {isa = PBXFileReference; fileEncoding = 4; lastKnownFileType = sourcecode.swift; path = "UIViewController+Extension.swift"; sourceTree = "<group>"; };
		84BDE30C2263DAE1008C9B01 /* CustomNavigationController.swift */ = {isa = PBXFileReference; lastKnownFileType = sourcecode.swift; path = CustomNavigationController.swift; sourceTree = "<group>"; };
		84BDE30E2263E652008C9B01 /* UNSYNC.swift */ = {isa = PBXFileReference; lastKnownFileType = sourcecode.swift; path = UNSYNC.swift; sourceTree = "<group>"; };
		84BDE31022642B27008C9B01 /* YelpClient.swift */ = {isa = PBXFileReference; lastKnownFileType = sourcecode.swift; path = YelpClient.swift; sourceTree = "<group>"; };
		84D3DB9D2266DF5200E46B2E /* BusinessCell.swift */ = {isa = PBXFileReference; lastKnownFileType = sourcecode.swift; path = BusinessCell.swift; sourceTree = "<group>"; };
		84DC40CF22693AA8003003C4 /* YelpAPIErrorResponse.swift */ = {isa = PBXFileReference; lastKnownFileType = sourcecode.swift; path = YelpAPIErrorResponse.swift; sourceTree = "<group>"; };
		84DC40D122697319003003C4 /* Error Enums.swift */ = {isa = PBXFileReference; lastKnownFileType = sourcecode.swift; path = "Error Enums.swift"; sourceTree = "<group>"; };
		84DC40DA2269F590003003C4 /* MyTabController+Handle.swift */ = {isa = PBXFileReference; lastKnownFileType = sourcecode.swift; path = "MyTabController+Handle.swift"; sourceTree = "<group>"; };
		84DC40DC2269F7C0003003C4 /* YelpBusinessResponse.swift */ = {isa = PBXFileReference; lastKnownFileType = sourcecode.swift; path = YelpBusinessResponse.swift; sourceTree = "<group>"; };
		84DC40E8226B7BD7003003C4 /* YelpData.xcdatamodel */ = {isa = PBXFileReference; lastKnownFileType = wrapper.xcdatamodel; path = YelpData.xcdatamodel; sourceTree = "<group>"; };
		84DC40EA226BCB2C003003C4 /* DataController.swift */ = {isa = PBXFileReference; fileEncoding = 4; lastKnownFileType = sourcecode.swift; path = DataController.swift; sourceTree = "<group>"; };
		84DC40EC226BFCC3003003C4 /* Location+Extension.swift */ = {isa = PBXFileReference; lastKnownFileType = sourcecode.swift; path = "Location+Extension.swift"; sourceTree = "<group>"; };
		84F1B471226DFFA200EDBABC /* YelpAllCategoriesResponse.swift */ = {isa = PBXFileReference; lastKnownFileType = sourcecode.swift; path = YelpAllCategoriesResponse.swift; sourceTree = "<group>"; };
		84FBC8C92277204B00833562 /* Category+Extension.swift */ = {isa = PBXFileReference; lastKnownFileType = sourcecode.swift; path = "Category+Extension.swift"; sourceTree = "<group>"; };
/* End PBXFileReference section */

/* Begin PBXFrameworksBuildPhase section */
		84BDE2E92263D007008C9B01 /* Frameworks */ = {
			isa = PBXFrameworksBuildPhase;
			buildActionMask = 2147483647;
			files = (
			);
			runOnlyForDeploymentPostprocessing = 0;
		};
/* End PBXFrameworksBuildPhase section */

/* Begin PBXGroup section */
		8414475D2266C49900A38AAB /* Yelp API */ = {
			isa = PBXGroup;
			children = (
				84DC40D322697323003003C4 /* Error Enums */,
				841447602266C50800A38AAB /* Response */,
				84CF692622755B0B00109C96 /* Yelp Struct */,
				84BDE31022642B27008C9B01 /* YelpClient.swift */,
			);
			path = "Yelp API";
			sourceTree = "<group>";
		};
		841447602266C50800A38AAB /* Response */ = {
			isa = PBXGroup;
			children = (
				8414475E2266C4D200A38AAB /* YelpAutoCompleteResponse.swift */,
				84DC40CF22693AA8003003C4 /* YelpAPIErrorResponse.swift */,
				84DC40DC2269F7C0003003C4 /* YelpBusinessResponse.swift */,
				84F1B471226DFFA200EDBABC /* YelpAllCategoriesResponse.swift */,
			);
			path = Response;
			sourceTree = "<group>";
		};
		8435B1D6227A4EFD00E95B4E /* TAB CONTROLLER */ = {
			isa = PBXGroup;
			children = (
				84B3CF8B2268A9030012A75C /* MyTabController.swift */,
				84DC40DA2269F590003003C4 /* MyTabController+Handle.swift */,
				843C66F8227D25D7003A64D1 /* 1 - GroupsController.swift */,
				848761CC227E856C000CECC7 /* 2 - MapController.swift */,
			);
			path = "TAB CONTROLLER";
			sourceTree = "<group>";
		};
		843C66F6227D2569003A64D1 /* 1 - OpeningControllers */ = {
			isa = PBXGroup;
			children = (
				846509B9227A0C06008ABA9F /* OpeningController.swift */,
				842AD7D42284D74D00590B1A /* OpeningController+UI.swift */,
				8435B1D7227A54B600E95B4E /* OpeningController+Fetched.swift */,
				8435B1D2227A4EEC00E95B4E /* OpeningController+Search.swift */,
				8435B1D3227A4EED00E95B4E /* OpeningController+TableView.swift */,
				842AD7D8228538B900590B1A /* BusinessController.swift */,
				842AD7D62284D80B00590B1A /* OpeningController+Handler.swift */,
			);
			path = "1 - OpeningControllers";
			sourceTree = "<group>";
		};
		848761D1227F1779000CECC7 /* Menu Controller */ = {
			isa = PBXGroup;
			children = (
				848761CF227F176F000CECC7 /* MenuController.swift */,
				848761D4227F8AE3000CECC7 /* SearchByAddressController.swift */,
				848761D2227F221D000CECC7 /* SearchByMapController.swift */,
			);
			path = "Menu Controller";
			sourceTree = "<group>";
		};
		84BDE2E32263D006008C9B01 = {
			isa = PBXGroup;
			children = (
				84BDE30E2263E652008C9B01 /* UNSYNC.swift */,
				84BDE2EE2263D007008C9B01 /* Business_Search */,
				84BDE2ED2263D007008C9B01 /* Products */,
			);
			sourceTree = "<group>";
		};
		84BDE2ED2263D007008C9B01 /* Products */ = {
			isa = PBXGroup;
			children = (
				84BDE2EC2263D007008C9B01 /* Business_Search.app */,
			);
			name = Products;
			sourceTree = "<group>";
		};
		84BDE2EE2263D007008C9B01 /* Business_Search */ = {
			isa = PBXGroup;
			children = (
				84BDE3012263D367008C9B01 /* Models */,
				84BDE3032263D373008C9B01 /* Controllers */,
				84BDE3022263D36E008C9B01 /* Views */,
				84BDE2EF2263D007008C9B01 /* AppDelegate.swift */,
				84BDE2FB2263D009008C9B01 /* Info.plist */,
			);
			path = Business_Search;
			sourceTree = "<group>";
		};
		84BDE3012263D367008C9B01 /* Models */ = {
			isa = PBXGroup;
			children = (
				84DC40E6226B7B89003003C4 /* Core Data */,
				8414475D2266C49900A38AAB /* Yelp API */,
			);
			path = Models;
			sourceTree = "<group>";
		};
		84BDE3022263D36E008C9B01 /* Views */ = {
			isa = PBXGroup;
			children = (
				848761DA227F8E7B000CECC7 /* UITextField+Extensions.swift */,
				848761D8227F8E5F000CECC7 /* UIButton+Extensions.swift */,
				84D3DB9F22675B0B00E46B2E /* Cells */,
				84BDE3052263D3CD008C9B01 /* UIColor+Extension.swift */,
				84BDE3042263D3CD008C9B01 /* UIView+Extensions.swift */,
				84BDE3062263D3CE008C9B01 /* UIViewController+Extension.swift */,
				848761D6227F8E09000CECC7 /* NSAttributedStringKeys.swift */,
				84BDE2F82263D009008C9B01 /* LaunchScreen.storyboard */,
				84BDE2F62263D009008C9B01 /* Assets.xcassets */,
				84BDE30C2263DAE1008C9B01 /* CustomNavigationController.swift */,
			);
			path = Views;
			sourceTree = "<group>";
		};
		84BDE3032263D373008C9B01 /* Controllers */ = {
			isa = PBXGroup;
			children = (
				848761D1227F1779000CECC7 /* Menu Controller */,
				843C66F6227D2569003A64D1 /* 1 - OpeningControllers */,
				8435B1D6227A4EFD00E95B4E /* TAB CONTROLLER */,
			);
			path = Controllers;
			sourceTree = "<group>";
		};
		84CF692622755B0B00109C96 /* Yelp Struct */ = {
			isa = PBXGroup;
			children = (
				848B8E0F227202B000F761F5 /* CreateYelpURLDuringLooping.swift */,
			);
			path = "Yelp Struct";
			sourceTree = "<group>";
		};
		84D3DB9F22675B0B00E46B2E /* Cells */ = {
			isa = PBXGroup;
			children = (
				84D3DB9D2266DF5200E46B2E /* BusinessCell.swift */,
				8417FCBC227B8A6D005BC240 /* CategoryCell.swift */,
				843C66FA227DC97A003A64D1 /* _BusinessCell.swift */,
			);
			path = Cells;
			sourceTree = "<group>";
		};
		84DC40D322697323003003C4 /* Error Enums */ = {
			isa = PBXGroup;
			children = (
				84DC40D122697319003003C4 /* Error Enums.swift */,
			);
			path = "Error Enums";
			sourceTree = "<group>";
		};
		84DC40E6226B7B89003003C4 /* Core Data */ = {
			isa = PBXGroup;
			children = (
				84DC40E7226B7BD7003003C4 /* YelpDataModels.xcdatamodeld */,
				84DC40EA226BCB2C003003C4 /* DataController.swift */,
				84DC40EC226BFCC3003003C4 /* Location+Extension.swift */,
				84FBC8C92277204B00833562 /* Category+Extension.swift */,
				844F64B52277B3E0003E6A93 /* Categories+Extension.swift */,
			);
			path = "Core Data";
			sourceTree = "<group>";
		};
/* End PBXGroup section */

/* Begin PBXNativeTarget section */
		84BDE2EB2263D007008C9B01 /* Business_Search */ = {
			isa = PBXNativeTarget;
			buildConfigurationList = 84BDE2FE2263D009008C9B01 /* Build configuration list for PBXNativeTarget "Business_Search" */;
			buildPhases = (
				84BDE2E82263D007008C9B01 /* Sources */,
				84BDE2E92263D007008C9B01 /* Frameworks */,
				84BDE2EA2263D007008C9B01 /* Resources */,
			);
			buildRules = (
			);
			dependencies = (
			);
			name = Business_Search;
			productName = Business_Search;
			productReference = 84BDE2EC2263D007008C9B01 /* Business_Search.app */;
			productType = "com.apple.product-type.application";
		};
/* End PBXNativeTarget section */

/* Begin PBXProject section */
		84BDE2E42263D006008C9B01 /* Project object */ = {
			isa = PBXProject;
			attributes = {
				LastSwiftUpdateCheck = 1020;
				LastUpgradeCheck = 1020;
				ORGANIZATIONNAME = admin;
				TargetAttributes = {
					84BDE2EB2263D007008C9B01 = {
						CreatedOnToolsVersion = 10.2;
					};
				};
			};
			buildConfigurationList = 84BDE2E72263D006008C9B01 /* Build configuration list for PBXProject "Business_Search" */;
			compatibilityVersion = "Xcode 9.3";
			developmentRegion = en;
			hasScannedForEncodings = 0;
			knownRegions = (
				en,
				Base,
			);
			mainGroup = 84BDE2E32263D006008C9B01;
			productRefGroup = 84BDE2ED2263D007008C9B01 /* Products */;
			projectDirPath = "";
			projectRoot = "";
			targets = (
				84BDE2EB2263D007008C9B01 /* Business_Search */,
			);
		};
/* End PBXProject section */

/* Begin PBXResourcesBuildPhase section */
		84BDE2EA2263D007008C9B01 /* Resources */ = {
			isa = PBXResourcesBuildPhase;
			buildActionMask = 2147483647;
			files = (
				84BDE2FA2263D009008C9B01 /* LaunchScreen.storyboard in Resources */,
				84BDE2F72263D009008C9B01 /* Assets.xcassets in Resources */,
			);
			runOnlyForDeploymentPostprocessing = 0;
		};
/* End PBXResourcesBuildPhase section */

/* Begin PBXSourcesBuildPhase section */
		84BDE2E82263D007008C9B01 /* Sources */ = {
			isa = PBXSourcesBuildPhase;
			buildActionMask = 2147483647;
			files = (
				848761D3227F221D000CECC7 /* SearchByMapController.swift in Sources */,
				8417FCBD227B8A6D005BC240 /* CategoryCell.swift in Sources */,
				8435B1D4227A4EED00E95B4E /* OpeningController+Search.swift in Sources */,
				84DC40D022693AA8003003C4 /* YelpAPIErrorResponse.swift in Sources */,
				84BDE3072263D3CE008C9B01 /* UIView+Extensions.swift in Sources */,
				8435B1D5227A4EED00E95B4E /* OpeningController+TableView.swift in Sources */,
				84B3CF8C2268A9030012A75C /* MyTabController.swift in Sources */,
				84DC40D222697319003003C4 /* Error Enums.swift in Sources */,
				844F64B62277B3E0003E6A93 /* Categories+Extension.swift in Sources */,
				84F1B472226DFFA200EDBABC /* YelpAllCategoriesResponse.swift in Sources */,
				84FBC8CA2277204B00833562 /* Category+Extension.swift in Sources */,
				848761D9227F8E5F000CECC7 /* UIButton+Extensions.swift in Sources */,
				848761D0227F176F000CECC7 /* MenuController.swift in Sources */,
				84D3DB9E2266DF5200E46B2E /* BusinessCell.swift in Sources */,
				84BDE2F02263D007008C9B01 /* AppDelegate.swift in Sources */,
				84DC40ED226BFCC3003003C4 /* Location+Extension.swift in Sources */,
				8414475F2266C4D200A38AAB /* YelpAutoCompleteResponse.swift in Sources */,
				848761CD227E856C000CECC7 /* 2 - MapController.swift in Sources */,
				842AD7D52284D74D00590B1A /* OpeningController+UI.swift in Sources */,
				84DC40EB226BCB2C003003C4 /* DataController.swift in Sources */,
				84BDE3092263D3CE008C9B01 /* UIViewController+Extension.swift in Sources */,
				842AD7D9228538B900590B1A /* BusinessController.swift in Sources */,
				843C66F9227D25D7003A64D1 /* 1 - GroupsController.swift in Sources */,
				8435B1D8227A54B600E95B4E /* OpeningController+Fetched.swift in Sources */,
				842AD7D72284D80B00590B1A /* OpeningController+Handler.swift in Sources */,
				848761D5227F8AE3000CECC7 /* SearchByAddressController.swift in Sources */,
				84BDE3082263D3CE008C9B01 /* UIColor+Extension.swift in Sources */,
				84DC40DD2269F7C0003003C4 /* YelpBusinessResponse.swift in Sources */,
				84DC40E9226B7BD7003003C4 /* YelpDataModels.xcdatamodeld in Sources */,
				84BDE30D2263DAE1008C9B01 /* CustomNavigationController.swift in Sources */,
				848B8E10227202B000F761F5 /* CreateYelpURLDuringLooping.swift in Sources */,
				848761DB227F8E7B000CECC7 /* UITextField+Extensions.swift in Sources */,
				84BDE31122642B27008C9B01 /* YelpClient.swift in Sources */,
				848761D7227F8E09000CECC7 /* NSAttributedStringKeys.swift in Sources */,
				843C66FB227DC97A003A64D1 /* _BusinessCell.swift in Sources */,
				84BDE30F2263E652008C9B01 /* UNSYNC.swift in Sources */,
				846509BA227A0C06008ABA9F /* OpeningController.swift in Sources */,
				84DC40DB2269F590003003C4 /* MyTabController+Handle.swift in Sources */,
			);
			runOnlyForDeploymentPostprocessing = 0;
		};
/* End PBXSourcesBuildPhase section */

/* Begin PBXVariantGroup section */
		84BDE2F82263D009008C9B01 /* LaunchScreen.storyboard */ = {
			isa = PBXVariantGroup;
			children = (
				84BDE2F92263D009008C9B01 /* Base */,
			);
			name = LaunchScreen.storyboard;
			sourceTree = "<group>";
		};
/* End PBXVariantGroup section */

/* Begin XCBuildConfiguration section */
		84BDE2FC2263D009008C9B01 /* Debug */ = {
			isa = XCBuildConfiguration;
			buildSettings = {
				ALWAYS_SEARCH_USER_PATHS = NO;
				CLANG_ANALYZER_NONNULL = YES;
				CLANG_ANALYZER_NUMBER_OBJECT_CONVERSION = YES_AGGRESSIVE;
				CLANG_CXX_LANGUAGE_STANDARD = "gnu++14";
				CLANG_CXX_LIBRARY = "libc++";
				CLANG_ENABLE_MODULES = YES;
				CLANG_ENABLE_OBJC_ARC = YES;
				CLANG_ENABLE_OBJC_WEAK = YES;
				CLANG_WARN_BLOCK_CAPTURE_AUTORELEASING = YES;
				CLANG_WARN_BOOL_CONVERSION = YES;
				CLANG_WARN_COMMA = YES;
				CLANG_WARN_CONSTANT_CONVERSION = YES;
				CLANG_WARN_DEPRECATED_OBJC_IMPLEMENTATIONS = YES;
				CLANG_WARN_DIRECT_OBJC_ISA_USAGE = YES_ERROR;
				CLANG_WARN_DOCUMENTATION_COMMENTS = YES;
				CLANG_WARN_EMPTY_BODY = YES;
				CLANG_WARN_ENUM_CONVERSION = YES;
				CLANG_WARN_INFINITE_RECURSION = YES;
				CLANG_WARN_INT_CONVERSION = YES;
				CLANG_WARN_NON_LITERAL_NULL_CONVERSION = YES;
				CLANG_WARN_OBJC_IMPLICIT_RETAIN_SELF = YES;
				CLANG_WARN_OBJC_LITERAL_CONVERSION = YES;
				CLANG_WARN_OBJC_ROOT_CLASS = YES_ERROR;
				CLANG_WARN_RANGE_LOOP_ANALYSIS = YES;
				CLANG_WARN_STRICT_PROTOTYPES = YES;
				CLANG_WARN_SUSPICIOUS_MOVE = YES;
				CLANG_WARN_UNGUARDED_AVAILABILITY = YES_AGGRESSIVE;
				CLANG_WARN_UNREACHABLE_CODE = YES;
				CLANG_WARN__DUPLICATE_METHOD_MATCH = YES;
				CODE_SIGN_IDENTITY = "iPhone Developer";
				COPY_PHASE_STRIP = NO;
				DEBUG_INFORMATION_FORMAT = dwarf;
				ENABLE_STRICT_OBJC_MSGSEND = YES;
				ENABLE_TESTABILITY = YES;
				GCC_C_LANGUAGE_STANDARD = gnu11;
				GCC_DYNAMIC_NO_PIC = NO;
				GCC_NO_COMMON_BLOCKS = YES;
				GCC_OPTIMIZATION_LEVEL = 0;
				GCC_PREPROCESSOR_DEFINITIONS = (
					"DEBUG=1",
					"$(inherited)",
				);
				GCC_WARN_64_TO_32_BIT_CONVERSION = YES;
				GCC_WARN_ABOUT_RETURN_TYPE = YES_ERROR;
				GCC_WARN_UNDECLARED_SELECTOR = YES;
				GCC_WARN_UNINITIALIZED_AUTOS = YES_AGGRESSIVE;
				GCC_WARN_UNUSED_FUNCTION = YES;
				GCC_WARN_UNUSED_VARIABLE = YES;
				IPHONEOS_DEPLOYMENT_TARGET = 12.2;
				MTL_ENABLE_DEBUG_INFO = INCLUDE_SOURCE;
				MTL_FAST_MATH = YES;
				ONLY_ACTIVE_ARCH = YES;
				SDKROOT = iphoneos;
				SWIFT_ACTIVE_COMPILATION_CONDITIONS = DEBUG;
				SWIFT_OPTIMIZATION_LEVEL = "-Onone";
			};
			name = Debug;
		};
		84BDE2FD2263D009008C9B01 /* Release */ = {
			isa = XCBuildConfiguration;
			buildSettings = {
				ALWAYS_SEARCH_USER_PATHS = NO;
				CLANG_ANALYZER_NONNULL = YES;
				CLANG_ANALYZER_NUMBER_OBJECT_CONVERSION = YES_AGGRESSIVE;
				CLANG_CXX_LANGUAGE_STANDARD = "gnu++14";
				CLANG_CXX_LIBRARY = "libc++";
				CLANG_ENABLE_MODULES = YES;
				CLANG_ENABLE_OBJC_ARC = YES;
				CLANG_ENABLE_OBJC_WEAK = YES;
				CLANG_WARN_BLOCK_CAPTURE_AUTORELEASING = YES;
				CLANG_WARN_BOOL_CONVERSION = YES;
				CLANG_WARN_COMMA = YES;
				CLANG_WARN_CONSTANT_CONVERSION = YES;
				CLANG_WARN_DEPRECATED_OBJC_IMPLEMENTATIONS = YES;
				CLANG_WARN_DIRECT_OBJC_ISA_USAGE = YES_ERROR;
				CLANG_WARN_DOCUMENTATION_COMMENTS = YES;
				CLANG_WARN_EMPTY_BODY = YES;
				CLANG_WARN_ENUM_CONVERSION = YES;
				CLANG_WARN_INFINITE_RECURSION = YES;
				CLANG_WARN_INT_CONVERSION = YES;
				CLANG_WARN_NON_LITERAL_NULL_CONVERSION = YES;
				CLANG_WARN_OBJC_IMPLICIT_RETAIN_SELF = YES;
				CLANG_WARN_OBJC_LITERAL_CONVERSION = YES;
				CLANG_WARN_OBJC_ROOT_CLASS = YES_ERROR;
				CLANG_WARN_RANGE_LOOP_ANALYSIS = YES;
				CLANG_WARN_STRICT_PROTOTYPES = YES;
				CLANG_WARN_SUSPICIOUS_MOVE = YES;
				CLANG_WARN_UNGUARDED_AVAILABILITY = YES_AGGRESSIVE;
				CLANG_WARN_UNREACHABLE_CODE = YES;
				CLANG_WARN__DUPLICATE_METHOD_MATCH = YES;
				CODE_SIGN_IDENTITY = "iPhone Developer";
				COPY_PHASE_STRIP = NO;
				DEBUG_INFORMATION_FORMAT = "dwarf-with-dsym";
				ENABLE_NS_ASSERTIONS = NO;
				ENABLE_STRICT_OBJC_MSGSEND = YES;
				GCC_C_LANGUAGE_STANDARD = gnu11;
				GCC_NO_COMMON_BLOCKS = YES;
				GCC_WARN_64_TO_32_BIT_CONVERSION = YES;
				GCC_WARN_ABOUT_RETURN_TYPE = YES_ERROR;
				GCC_WARN_UNDECLARED_SELECTOR = YES;
				GCC_WARN_UNINITIALIZED_AUTOS = YES_AGGRESSIVE;
				GCC_WARN_UNUSED_FUNCTION = YES;
				GCC_WARN_UNUSED_VARIABLE = YES;
				IPHONEOS_DEPLOYMENT_TARGET = 12.2;
				MTL_ENABLE_DEBUG_INFO = NO;
				MTL_FAST_MATH = YES;
				SDKROOT = iphoneos;
				SWIFT_COMPILATION_MODE = wholemodule;
				SWIFT_OPTIMIZATION_LEVEL = "-O";
				VALIDATE_PRODUCT = YES;
			};
			name = Release;
		};
		84BDE2FF2263D009008C9B01 /* Debug */ = {
			isa = XCBuildConfiguration;
			buildSettings = {
				ASSETCATALOG_COMPILER_APPICON_NAME = AppIcon;
				CODE_SIGN_STYLE = Automatic;
				DEVELOPMENT_TEAM = S47KDE6E7N;
				INFOPLIST_FILE = Business_Search/Info.plist;
				LD_RUNPATH_SEARCH_PATHS = (
					"$(inherited)",
					"@executable_path/Frameworks",
				);
				PRODUCT_BUNDLE_IDENTIFIER = "asdf.ewr.eu.Business-Search";
				PRODUCT_NAME = "$(TARGET_NAME)";
				SWIFT_VERSION = 5.0;
				TARGETED_DEVICE_FAMILY = "1,2";
			};
			name = Debug;
		};
		84BDE3002263D009008C9B01 /* Release */ = {
			isa = XCBuildConfiguration;
			buildSettings = {
				ASSETCATALOG_COMPILER_APPICON_NAME = AppIcon;
				CODE_SIGN_STYLE = Automatic;
				DEVELOPMENT_TEAM = S47KDE6E7N;
				INFOPLIST_FILE = Business_Search/Info.plist;
				LD_RUNPATH_SEARCH_PATHS = (
					"$(inherited)",
					"@executable_path/Frameworks",
				);
				PRODUCT_BUNDLE_IDENTIFIER = "asdf.ewr.eu.Business-Search";
				PRODUCT_NAME = "$(TARGET_NAME)";
				SWIFT_VERSION = 5.0;
				TARGETED_DEVICE_FAMILY = "1,2";
			};
			name = Release;
		};
/* End XCBuildConfiguration section */

/* Begin XCConfigurationList section */
		84BDE2E72263D006008C9B01 /* Build configuration list for PBXProject "Business_Search" */ = {
			isa = XCConfigurationList;
			buildConfigurations = (
				84BDE2FC2263D009008C9B01 /* Debug */,
				84BDE2FD2263D009008C9B01 /* Release */,
			);
			defaultConfigurationIsVisible = 0;
			defaultConfigurationName = Release;
		};
		84BDE2FE2263D009008C9B01 /* Build configuration list for PBXNativeTarget "Business_Search" */ = {
			isa = XCConfigurationList;
			buildConfigurations = (
				84BDE2FF2263D009008C9B01 /* Debug */,
				84BDE3002263D009008C9B01 /* Release */,
			);
			defaultConfigurationIsVisible = 0;
			defaultConfigurationName = Release;
		};
/* End XCConfigurationList section */

/* Begin XCVersionGroup section */
		84DC40E7226B7BD7003003C4 /* YelpDataModels.xcdatamodeld */ = {
			isa = XCVersionGroup;
			children = (
				84DC40E8226B7BD7003003C4 /* YelpData.xcdatamodel */,
			);
			currentVersion = 84DC40E8226B7BD7003003C4 /* YelpData.xcdatamodel */;
			path = YelpDataModels.xcdatamodeld;
			sourceTree = "<group>";
			versionGroupType = wrapper.xcdatamodel;
		};
/* End XCVersionGroup section */
	};
	rootObject = 84BDE2E42263D006008C9B01 /* Project object */;
}
