// !$*UTF8*$!
{
	archiveVersion = 1;
	classes = {
	};
	objectVersion = 51;
	objects = {

/* Begin PBXBuildFile section */
		8401126022E29F2600ECE0D5 /* Router.swift in Sources */ = {isa = PBXBuildFile; fileRef = 8401125F22E29F2600ECE0D5 /* Router.swift */; };
		8401126522E29FE800ECE0D5 /* Coordinators.swift in Sources */ = {isa = PBXBuildFile; fileRef = 8401126422E29FE800ECE0D5 /* Coordinators.swift */; };
		8401127822E51C2300ECE0D5 /* AppCoordinator.swift in Sources */ = {isa = PBXBuildFile; fileRef = 8401127722E51C2300ECE0D5 /* AppCoordinator.swift */; };
		8401127A22E51C5C00ECE0D5 /* MainMenuCoordinator.swift in Sources */ = {isa = PBXBuildFile; fileRef = 8401127922E51C5C00ECE0D5 /* MainMenuCoordinator.swift */; };
		8401127C22E51C9C00ECE0D5 /* SettingsCoordinator.swift in Sources */ = {isa = PBXBuildFile; fileRef = 8401127B22E51C9C00ECE0D5 /* SettingsCoordinator.swift */; };
		8401127E22E51CE300ECE0D5 /* OpenCoordinator.swift in Sources */ = {isa = PBXBuildFile; fileRef = 8401127D22E51CE300ECE0D5 /* OpenCoordinator.swift */; };
		8401128022E51D2B00ECE0D5 /* SearchByAddressCoordinator.swift in Sources */ = {isa = PBXBuildFile; fileRef = 8401127F22E51D2B00ECE0D5 /* SearchByAddressCoordinator.swift */; };
		8401128222E51D5200ECE0D5 /* SearchByMapCoordinator.swift in Sources */ = {isa = PBXBuildFile; fileRef = 8401128122E51D5200ECE0D5 /* SearchByMapCoordinator.swift */; };
		840B4B4D232E73BE00D42715 /* MyDownloader.json in Resources */ = {isa = PBXBuildFile; fileRef = 840B4B4C232E73BD00D42715 /* MyDownloader.json */; };
		840CC5FC22F1454500BAC72F /* Open_Delegate+RowAction.swift in Sources */ = {isa = PBXBuildFile; fileRef = 840CC5FB22F1454500BAC72F /* Open_Delegate+RowAction.swift */; };
		840CC5FE22F1F7E800BAC72F /* Open_Delegate+LeadingSwype.swift in Sources */ = {isa = PBXBuildFile; fileRef = 840CC5FD22F1F7E800BAC72F /* Open_Delegate+LeadingSwype.swift */; };
		840CC60022F2044700BAC72F /* FavoritesViewModel.swift in Sources */ = {isa = PBXBuildFile; fileRef = 840CC5FF22F2044700BAC72F /* FavoritesViewModel.swift */; };
		8414475F2266C4D200A38AAB /* YelpAutoCompleteResponse.swift in Sources */ = {isa = PBXBuildFile; fileRef = 8414475E2266C4D200A38AAB /* YelpAutoCompleteResponse.swift */; };
		8417FCBD227B8A6D005BC240 /* CategoryCell.swift in Sources */ = {isa = PBXBuildFile; fileRef = 8417FCBC227B8A6D005BC240 /* CategoryCell.swift */; };
		841CDF8722E6BFEE00FEB1D0 /* TabGroupCoordinator.swift in Sources */ = {isa = PBXBuildFile; fileRef = 841CDF8622E6BFEE00FEB1D0 /* TabGroupCoordinator.swift */; };
		841CDF8C22E746A600FEB1D0 /* GroupTableViewCoordinator.swift in Sources */ = {isa = PBXBuildFile; fileRef = 841CDF8B22E746A600FEB1D0 /* GroupTableViewCoordinator.swift */; };
		841CDF8F22E7535200FEB1D0 /* GroupMapCoordinator.swift in Sources */ = {isa = PBXBuildFile; fileRef = 841CDF8E22E7535200FEB1D0 /* GroupMapCoordinator.swift */; };
		8424A074229A1D0100F8FAF3 /* BusinessAnnotationView.swift in Sources */ = {isa = PBXBuildFile; fileRef = 8424A073229A1D0100F8FAF3 /* BusinessAnnotationView.swift */; };
		842AD7D9228538B900590B1A /* BusinessDetailsController.swift in Sources */ = {isa = PBXBuildFile; fileRef = 842AD7D8228538B900590B1A /* BusinessDetailsController.swift */; };
		84365CB122C567A80014E577 /* Double+Extension.swift in Sources */ = {isa = PBXBuildFile; fileRef = 84365CB022C567A80014E577 /* Double+Extension.swift */; };
		84365CB322C567B50014E577 /* Float+Extension.swift in Sources */ = {isa = PBXBuildFile; fileRef = 84365CB222C567B50014E577 /* Float+Extension.swift */; };
		84365CB522C5687E0014E577 /* String+Extension.swift in Sources */ = {isa = PBXBuildFile; fileRef = 84365CB422C5687E0014E577 /* String+Extension.swift */; };
		84365CB822C569520014E577 /* UserAppliedFilter.swift in Sources */ = {isa = PBXBuildFile; fileRef = 84365CB722C569520014E577 /* UserAppliedFilter.swift */; };
		84365CBA22C62AA40014E577 /* UIKit+Generics.swift in Sources */ = {isa = PBXBuildFile; fileRef = 84365CB922C62AA40014E577 /* UIKit+Generics.swift */; };
		84365CBC22C64A860014E577 /* SelectedButton.swift in Sources */ = {isa = PBXBuildFile; fileRef = 84365CBB22C64A860014E577 /* SelectedButton.swift */; };
		84365CD322C8EB5B0014E577 /* MainMenuController+CLLocation.swift in Sources */ = {isa = PBXBuildFile; fileRef = 84365CD222C8EB5B0014E577 /* MainMenuController+CLLocation.swift */; };
		84365CDA22C93D860014E577 /* GroupMapController+Map.swift in Sources */ = {isa = PBXBuildFile; fileRef = 84365CD922C93D860014E577 /* GroupMapController+Map.swift */; };
		843C66F9227D25D7003A64D1 /* GroupTableViewController.swift in Sources */ = {isa = PBXBuildFile; fileRef = 843C66F8227D25D7003A64D1 /* GroupTableViewController.swift */; };
		843C66FB227DC97A003A64D1 /* BusinessCell.swift in Sources */ = {isa = PBXBuildFile; fileRef = 843C66FA227DC97A003A64D1 /* BusinessCell.swift */; };
		844D358422CA7A1300D7E594 /* BusinessDetailsController+UI.swift in Sources */ = {isa = PBXBuildFile; fileRef = 844D358322CA7A1300D7E594 /* BusinessDetailsController+UI.swift */; };
		844F64B62277B3E0003E6A93 /* Array+Extension.swift in Sources */ = {isa = PBXBuildFile; fileRef = 844F64B52277B3E0003E6A93 /* Array+Extension.swift */; };
		845A1D8522D02BE20066C17C /* UnBlurViewType.swift in Sources */ = {isa = PBXBuildFile; fileRef = 845A1D8422D02BE20066C17C /* UnBlurViewType.swift */; };
		845A1D8D22D0314D0066C17C /* Global Variables.swift in Sources */ = {isa = PBXBuildFile; fileRef = 845A1D8C22D0314D0066C17C /* Global Variables.swift */; };
		84684CA322E613D200999599 /* BusinessDetailsCoordinator.swift in Sources */ = {isa = PBXBuildFile; fileRef = 84684CA222E613D200999599 /* BusinessDetailsCoordinator.swift */; };
		84684CAA22E6466A00999599 /* FilterCoordinator.swift in Sources */ = {isa = PBXBuildFile; fileRef = 84684CA922E6466A00999599 /* FilterCoordinator.swift */; };
		8477222C22F92F620080B586 /* FilterView.swift in Sources */ = {isa = PBXBuildFile; fileRef = 8477222B22F92F620080B586 /* FilterView.swift */; };
		8477222E22F92F9B0080B586 /* FilterViewModel.swift in Sources */ = {isa = PBXBuildFile; fileRef = 8477222D22F92F9B0080B586 /* FilterViewModel.swift */; };
		847AE23522E81D7600774371 /* BusinessCellViewModel.swift in Sources */ = {isa = PBXBuildFile; fileRef = 847AE23422E81D7600774371 /* BusinessCellViewModel.swift */; };
		847AE23A22E922DC00774371 /* CategoryCellViewModel.swift in Sources */ = {isa = PBXBuildFile; fileRef = 847AE23922E922DC00774371 /* CategoryCellViewModel.swift */; };
		847AE25622EAA6E800774371 /* MainMenuView.swift in Sources */ = {isa = PBXBuildFile; fileRef = 847AE25522EAA6E800774371 /* MainMenuView.swift */; };
		847AE25B22EAB46300774371 /* CLLocation+Extension.swift in Sources */ = {isa = PBXBuildFile; fileRef = 847AE25A22EAB46300774371 /* CLLocation+Extension.swift */; };
		847AE25D22EAB4E000774371 /* MainMenuController+Handlers.swift in Sources */ = {isa = PBXBuildFile; fileRef = 847AE25C22EAB4E000774371 /* MainMenuController+Handlers.swift */; };
		847AE26022EBE45500774371 /* BusinessDetailsViewModel.swift in Sources */ = {isa = PBXBuildFile; fileRef = 847AE25F22EBE45500774371 /* BusinessDetailsViewModel.swift */; };
		847AE26222EBE50B00774371 /* BusinessDetailsView.swift in Sources */ = {isa = PBXBuildFile; fileRef = 847AE26122EBE50B00774371 /* BusinessDetailsView.swift */; };
		847AE26922EDA37600774371 /* SearchByAddressView.swift in Sources */ = {isa = PBXBuildFile; fileRef = 847AE26822EDA37600774371 /* SearchByAddressView.swift */; };
		847AE26B22EDA66800774371 /* SearchByAddressViewModel.swift in Sources */ = {isa = PBXBuildFile; fileRef = 847AE26A22EDA66800774371 /* SearchByAddressViewModel.swift */; };
		847AE26E22EDCFA500774371 /* SearchByAddressController+UI.swift in Sources */ = {isa = PBXBuildFile; fileRef = 847AE26D22EDCFA500774371 /* SearchByAddressController+UI.swift */; };
		847AE27022EDD03500774371 /* SearchByAddressController+Handlers.swift in Sources */ = {isa = PBXBuildFile; fileRef = 847AE26F22EDD03400774371 /* SearchByAddressController+Handlers.swift */; };
		847AE27222EDD39200774371 /* BusinessDetailsController+Handlers.swift in Sources */ = {isa = PBXBuildFile; fileRef = 847AE27122EDD39200774371 /* BusinessDetailsController+Handlers.swift */; };
		847AE27422EDDF9300774371 /* MainMenuController+UI.swift in Sources */ = {isa = PBXBuildFile; fileRef = 847AE27322EDDF9300774371 /* MainMenuController+UI.swift */; };
		847AE27622EDE14F00774371 /* SearchByMapViewModel.swift in Sources */ = {isa = PBXBuildFile; fileRef = 847AE27522EDE14F00774371 /* SearchByMapViewModel.swift */; };
		847AE27822EDE1B100774371 /* SearchByMapView.swift in Sources */ = {isa = PBXBuildFile; fileRef = 847AE27722EDE1B100774371 /* SearchByMapView.swift */; };
		847AE27B22EDE79600774371 /* SearchByMapController+UI.swift in Sources */ = {isa = PBXBuildFile; fileRef = 847AE27A22EDE79600774371 /* SearchByMapController+UI.swift */; };
		847AE27D22EDE7A300774371 /* SearchByMapController+Handlers.swift in Sources */ = {isa = PBXBuildFile; fileRef = 847AE27C22EDE7A300774371 /* SearchByMapController+Handlers.swift */; };
		847AE27F22EDEADB00774371 /* SettingsViewModel.swift in Sources */ = {isa = PBXBuildFile; fileRef = 847AE27E22EDEADB00774371 /* SettingsViewModel.swift */; };
		847AE28122EDEAF600774371 /* SettingsView.swift in Sources */ = {isa = PBXBuildFile; fileRef = 847AE28022EDEAF600774371 /* SettingsView.swift */; };
		847AE28422EE120400774371 /* SettingsController+UI.swift in Sources */ = {isa = PBXBuildFile; fileRef = 847AE28322EE120400774371 /* SettingsController+UI.swift */; };
		847AE28622EE124100774371 /* SettingsController+Handlers.swift in Sources */ = {isa = PBXBuildFile; fileRef = 847AE28522EE124100774371 /* SettingsController+Handlers.swift */; };
		847AE28D22EE9A8A00774371 /* FilterController+UI.swift in Sources */ = {isa = PBXBuildFile; fileRef = 847AE28C22EE9A8A00774371 /* FilterController+UI.swift */; };
		847AE28F22EE9A9A00774371 /* FilterController+Handlers.swift in Sources */ = {isa = PBXBuildFile; fileRef = 847AE28E22EE9A9900774371 /* FilterController+Handlers.swift */; };
		848761CD227E856C000CECC7 /* GroupMapController.swift in Sources */ = {isa = PBXBuildFile; fileRef = 848761CC227E856C000CECC7 /* GroupMapController.swift */; };
		848761D0227F176F000CECC7 /* MainMenuController.swift in Sources */ = {isa = PBXBuildFile; fileRef = 848761CF227F176F000CECC7 /* MainMenuController.swift */; };
		848761D3227F221D000CECC7 /* SearchByMapController.swift in Sources */ = {isa = PBXBuildFile; fileRef = 848761D2227F221D000CECC7 /* SearchByMapController.swift */; };
		848761D5227F8AE3000CECC7 /* SearchByAddressController.swift in Sources */ = {isa = PBXBuildFile; fileRef = 848761D4227F8AE3000CECC7 /* SearchByAddressController.swift */; };
		848761D9227F8E5F000CECC7 /* UIButton+Extensions.swift in Sources */ = {isa = PBXBuildFile; fileRef = 848761D8227F8E5F000CECC7 /* UIButton+Extensions.swift */; };
		848761DB227F8E7B000CECC7 /* UITextField+Extensions.swift in Sources */ = {isa = PBXBuildFile; fileRef = 848761DA227F8E7B000CECC7 /* UITextField+Extensions.swift */; };
		84888595233BC0EF00427740 /* SearchByAddressController+TextDelegate.swift in Sources */ = {isa = PBXBuildFile; fileRef = 84888594233BC0EF00427740 /* SearchByAddressController+TextDelegate.swift */; };
		848B8E10227202B000F761F5 /* CreateYelpURLDuringLooping.swift in Sources */ = {isa = PBXBuildFile; fileRef = 848B8E0F227202B000F761F5 /* CreateYelpURLDuringLooping.swift */; };
		848DEC4A22F255A900102E9B /* LocationViewModel.swift in Sources */ = {isa = PBXBuildFile; fileRef = 848DEC4922F255A900102E9B /* LocationViewModel.swift */; };
		848DEC4C22F2619D00102E9B /* OpenController+Animation.swift in Sources */ = {isa = PBXBuildFile; fileRef = 848DEC4B22F2619D00102E9B /* OpenController+Animation.swift */; };
		848DEC4E22F2627800102E9B /* OpenController+Handlers.swift in Sources */ = {isa = PBXBuildFile; fileRef = 848DEC4D22F2627800102E9B /* OpenController+Handlers.swift */; };
		848DEC5322F3DF3B00102E9B /* Presentable.swift in Sources */ = {isa = PBXBuildFile; fileRef = 848DEC5222F3DF3B00102E9B /* Presentable.swift */; };
		848DEC5522F3E02400102E9B /* RouterType.swift in Sources */ = {isa = PBXBuildFile; fileRef = 848DEC5422F3E02400102E9B /* RouterType.swift */; };
		848DEC5722F3E0CD00102E9B /* Coordinator Protocols.swift in Sources */ = {isa = PBXBuildFile; fileRef = 848DEC5622F3E0CD00102E9B /* Coordinator Protocols.swift */; };
		848DEC5922F3E18800102E9B /* PresentableCoordinatorType.swift in Sources */ = {isa = PBXBuildFile; fileRef = 848DEC5822F3E18800102E9B /* PresentableCoordinatorType.swift */; };
		848DEC5B22F3E1C000102E9B /* BaseCoordinatorType.swift in Sources */ = {isa = PBXBuildFile; fileRef = 848DEC5A22F3E1C000102E9B /* BaseCoordinatorType.swift */; };
		848DEC5D22F3E1F100102E9B /* PresentableType.swift in Sources */ = {isa = PBXBuildFile; fileRef = 848DEC5C22F3E1F100102E9B /* PresentableType.swift */; };
		848DEC5F22F3E21D00102E9B /* CoordinatorType.swift in Sources */ = {isa = PBXBuildFile; fileRef = 848DEC5E22F3E21D00102E9B /* CoordinatorType.swift */; };
		848DEC6122F3E3BF00102E9B /* DataSourceType.swift in Sources */ = {isa = PBXBuildFile; fileRef = 848DEC6022F3E3BF00102E9B /* DataSourceType.swift */; };
		848DEC6322F3E4CB00102E9B /* OpenControllerType.swift in Sources */ = {isa = PBXBuildFile; fileRef = 848DEC6222F3E4CB00102E9B /* OpenControllerType.swift */; };
		84A5AFDD22A21E71009B96AD /* GoogleMapResponse.swift in Sources */ = {isa = PBXBuildFile; fileRef = 84A5AFDC22A21E71009B96AD /* GoogleMapResponse.swift */; };
		84A5B02222A5D55C009B96AD /* ManagedObjectCloner.swift in Sources */ = {isa = PBXBuildFile; fileRef = 84A5B02122A5D55C009B96AD /* ManagedObjectCloner.swift */; };
		84A5B02722A5DFDF009B96AD /* FilterController.swift in Sources */ = {isa = PBXBuildFile; fileRef = 84A5B02622A5DFDF009B96AD /* FilterController.swift */; };
		84B3CF8C2268A9030012A75C /* TabGroupController.swift in Sources */ = {isa = PBXBuildFile; fileRef = 84B3CF8B2268A9030012A75C /* TabGroupController.swift */; };
		84B68105230C58E3000D89AB /* LaunchScreen.png in Resources */ = {isa = PBXBuildFile; fileRef = 84B68104230C58E2000D89AB /* LaunchScreen.png */; };
		84BDE2F02263D007008C9B01 /* AppDelegate.swift in Sources */ = {isa = PBXBuildFile; fileRef = 84BDE2EF2263D007008C9B01 /* AppDelegate.swift */; };
		84BDE2F72263D009008C9B01 /* Assets.xcassets in Resources */ = {isa = PBXBuildFile; fileRef = 84BDE2F62263D009008C9B01 /* Assets.xcassets */; };
		84BDE2FA2263D009008C9B01 /* LaunchScreen.storyboard in Resources */ = {isa = PBXBuildFile; fileRef = 84BDE2F82263D009008C9B01 /* LaunchScreen.storyboard */; };
		84BDE3072263D3CE008C9B01 /* UIView+Extensions.swift in Sources */ = {isa = PBXBuildFile; fileRef = 84BDE3042263D3CD008C9B01 /* UIView+Extensions.swift */; };
		84BDE3082263D3CE008C9B01 /* UIColor+Extension.swift in Sources */ = {isa = PBXBuildFile; fileRef = 84BDE3052263D3CD008C9B01 /* UIColor+Extension.swift */; };
		84BDE3092263D3CE008C9B01 /* UIViewController+Extension.swift in Sources */ = {isa = PBXBuildFile; fileRef = 84BDE3062263D3CE008C9B01 /* UIViewController+Extension.swift */; };
		84BDE30D2263DAE1008C9B01 /* CustomNavigationController.swift in Sources */ = {isa = PBXBuildFile; fileRef = 84BDE30C2263DAE1008C9B01 /* CustomNavigationController.swift */; };
		84BDE30F2263E652008C9B01 /* UNSYNC.swift in Sources */ = {isa = PBXBuildFile; fileRef = 84BDE30E2263E652008C9B01 /* UNSYNC.swift */; };
		84BDE31122642B27008C9B01 /* YelpClient.swift in Sources */ = {isa = PBXBuildFile; fileRef = 84BDE31022642B27008C9B01 /* YelpClient.swift */; };
		84CC285D2297774800A82BBE /* SettingsController.swift in Sources */ = {isa = PBXBuildFile; fileRef = 84CC285C2297774800A82BBE /* SettingsController.swift */; };
		84DC40D022693AA8003003C4 /* YelpAPIErrorResponse.swift in Sources */ = {isa = PBXBuildFile; fileRef = 84DC40CF22693AA8003003C4 /* YelpAPIErrorResponse.swift */; };
		84DC40D222697319003003C4 /* Error_Enums.swift in Sources */ = {isa = PBXBuildFile; fileRef = 84DC40D122697319003003C4 /* Error_Enums.swift */; };
		84DC40DD2269F7C0003003C4 /* YelpBusinessResponse.swift in Sources */ = {isa = PBXBuildFile; fileRef = 84DC40DC2269F7C0003003C4 /* YelpBusinessResponse.swift */; };
		84DC40E9226B7BD7003003C4 /* YelpDataModels.xcdatamodeld in Sources */ = {isa = PBXBuildFile; fileRef = 84DC40E7226B7BD7003003C4 /* YelpDataModels.xcdatamodeld */; };
		84DC40EB226BCB2C003003C4 /* DataController.swift in Sources */ = {isa = PBXBuildFile; fileRef = 84DC40EA226BCB2C003003C4 /* DataController.swift */; };
		84E27D0B22EF6C3000D2CAE5 /* OpenController.swift in Sources */ = {isa = PBXBuildFile; fileRef = 84E27D0A22EF6C3000D2CAE5 /* OpenController.swift */; };
		84E27D0E22EF6C5700D2CAE5 /* OpenView.swift in Sources */ = {isa = PBXBuildFile; fileRef = 84E27D0D22EF6C5700D2CAE5 /* OpenView.swift */; };
		84E27D1022EF6C6B00D2CAE5 /* BusinessViewModel.swift in Sources */ = {isa = PBXBuildFile; fileRef = 84E27D0F22EF6C6B00D2CAE5 /* BusinessViewModel.swift */; };
		84E27D1822EFD11C00D2CAE5 /* CategoryCountViewModel.swift in Sources */ = {isa = PBXBuildFile; fileRef = 84E27D1722EFD11B00D2CAE5 /* CategoryCountViewModel.swift */; };
		84E27D1B22F0126100D2CAE5 /* Open_DataSource.swift in Sources */ = {isa = PBXBuildFile; fileRef = 84E27D1A22F0126100D2CAE5 /* Open_DataSource.swift */; };
		84E27D1D22F0793C00D2CAE5 /* OpenController+Search.swift in Sources */ = {isa = PBXBuildFile; fileRef = 84E27D1C22F0793C00D2CAE5 /* OpenController+Search.swift */; };
		84E27D1F22F08E7D00D2CAE5 /* Open_Delegate.swift in Sources */ = {isa = PBXBuildFile; fileRef = 84E27D1E22F08E7D00D2CAE5 /* Open_Delegate.swift */; };
		84E27D2122F0963200D2CAE5 /* OpenController+UI.swift in Sources */ = {isa = PBXBuildFile; fileRef = 84E27D2022F0963200D2CAE5 /* OpenController+UI.swift */; };
		84E27D2322F09EFB00D2CAE5 /* CategoryViewModel.swift in Sources */ = {isa = PBXBuildFile; fileRef = 84E27D2222F09EFB00D2CAE5 /* CategoryViewModel.swift */; };
		84EC563C2313669B00560787 /* CoreData Structs.swift in Sources */ = {isa = PBXBuildFile; fileRef = 84EC563B2313669B00560787 /* CoreData Structs.swift */; };
		84EC8CA4233992AB00D35B4F /* DateChecker.swift in Sources */ = {isa = PBXBuildFile; fileRef = 84EC8CA3233992AB00D35B4F /* DateChecker.swift */; };
		84EC8CAE2339AB3E00D35B4F /* MainMenuViewModel.swift in Sources */ = {isa = PBXBuildFile; fileRef = 84EC8CAD2339AB3E00D35B4F /* MainMenuViewModel.swift */; };
		84EE7B782303878600EB5FF7 /* Business_SearchTests.swift in Sources */ = {isa = PBXBuildFile; fileRef = 84EE7B772303878600EB5FF7 /* Business_SearchTests.swift */; };
		84F1B472226DFFA200EDBABC /* YelpAllCategoriesResponse.swift in Sources */ = {isa = PBXBuildFile; fileRef = 84F1B471226DFFA200EDBABC /* YelpAllCategoriesResponse.swift */; };
		F6809A7F1B4C3175D91AF6F7 /* Pods_Business_Search.framework in Frameworks */ = {isa = PBXBuildFile; fileRef = E2C8014F6DDB1C3E40EBC947 /* Pods_Business_Search.framework */; };
/* End PBXBuildFile section */

/* Begin PBXContainerItemProxy section */
		84EE7B7A2303878600EB5FF7 /* PBXContainerItemProxy */ = {
			isa = PBXContainerItemProxy;
			containerPortal = 84BDE2E42263D006008C9B01 /* Project object */;
			proxyType = 1;
			remoteGlobalIDString = 84BDE2EB2263D007008C9B01;
			remoteInfo = Business_Search;
		};
/* End PBXContainerItemProxy section */

/* Begin PBXFileReference section */
		8401125F22E29F2600ECE0D5 /* Router.swift */ = {isa = PBXFileReference; fileEncoding = 4; lastKnownFileType = sourcecode.swift; path = Router.swift; sourceTree = "<group>"; };
		8401126422E29FE800ECE0D5 /* Coordinators.swift */ = {isa = PBXFileReference; lastKnownFileType = sourcecode.swift; path = Coordinators.swift; sourceTree = "<group>"; };
		8401127722E51C2300ECE0D5 /* AppCoordinator.swift */ = {isa = PBXFileReference; lastKnownFileType = sourcecode.swift; path = AppCoordinator.swift; sourceTree = "<group>"; };
		8401127922E51C5C00ECE0D5 /* MainMenuCoordinator.swift */ = {isa = PBXFileReference; lastKnownFileType = sourcecode.swift; path = MainMenuCoordinator.swift; sourceTree = "<group>"; };
		8401127B22E51C9C00ECE0D5 /* SettingsCoordinator.swift */ = {isa = PBXFileReference; lastKnownFileType = sourcecode.swift; path = SettingsCoordinator.swift; sourceTree = "<group>"; };
		8401127D22E51CE300ECE0D5 /* OpenCoordinator.swift */ = {isa = PBXFileReference; lastKnownFileType = sourcecode.swift; path = OpenCoordinator.swift; sourceTree = "<group>"; xcLanguageSpecificationIdentifier = xcode.lang.swift; };
		8401127F22E51D2B00ECE0D5 /* SearchByAddressCoordinator.swift */ = {isa = PBXFileReference; lastKnownFileType = sourcecode.swift; path = SearchByAddressCoordinator.swift; sourceTree = "<group>"; };
		8401128122E51D5200ECE0D5 /* SearchByMapCoordinator.swift */ = {isa = PBXFileReference; lastKnownFileType = sourcecode.swift; path = SearchByMapCoordinator.swift; sourceTree = "<group>"; };
		840B4B4C232E73BD00D42715 /* MyDownloader.json */ = {isa = PBXFileReference; fileEncoding = 4; lastKnownFileType = text.json; path = MyDownloader.json; sourceTree = "<group>"; };
		840CC5FB22F1454500BAC72F /* Open_Delegate+RowAction.swift */ = {isa = PBXFileReference; lastKnownFileType = sourcecode.swift; path = "Open_Delegate+RowAction.swift"; sourceTree = "<group>"; };
		840CC5FD22F1F7E800BAC72F /* Open_Delegate+LeadingSwype.swift */ = {isa = PBXFileReference; lastKnownFileType = sourcecode.swift; path = "Open_Delegate+LeadingSwype.swift"; sourceTree = "<group>"; };
		840CC5FF22F2044700BAC72F /* FavoritesViewModel.swift */ = {isa = PBXFileReference; lastKnownFileType = sourcecode.swift; path = FavoritesViewModel.swift; sourceTree = "<group>"; };
		8414475E2266C4D200A38AAB /* YelpAutoCompleteResponse.swift */ = {isa = PBXFileReference; lastKnownFileType = sourcecode.swift; path = YelpAutoCompleteResponse.swift; sourceTree = "<group>"; };
		8417FCBC227B8A6D005BC240 /* CategoryCell.swift */ = {isa = PBXFileReference; lastKnownFileType = sourcecode.swift; path = CategoryCell.swift; sourceTree = "<group>"; };
		841CDF8622E6BFEE00FEB1D0 /* TabGroupCoordinator.swift */ = {isa = PBXFileReference; lastKnownFileType = sourcecode.swift; path = TabGroupCoordinator.swift; sourceTree = "<group>"; };
		841CDF8B22E746A600FEB1D0 /* GroupTableViewCoordinator.swift */ = {isa = PBXFileReference; lastKnownFileType = sourcecode.swift; path = GroupTableViewCoordinator.swift; sourceTree = "<group>"; };
		841CDF8E22E7535200FEB1D0 /* GroupMapCoordinator.swift */ = {isa = PBXFileReference; lastKnownFileType = sourcecode.swift; path = GroupMapCoordinator.swift; sourceTree = "<group>"; };
		8424A073229A1D0100F8FAF3 /* BusinessAnnotationView.swift */ = {isa = PBXFileReference; lastKnownFileType = sourcecode.swift; path = BusinessAnnotationView.swift; sourceTree = "<group>"; };
		842AD7D8228538B900590B1A /* BusinessDetailsController.swift */ = {isa = PBXFileReference; lastKnownFileType = sourcecode.swift; path = BusinessDetailsController.swift; sourceTree = "<group>"; xcLanguageSpecificationIdentifier = xcode.lang.swift; };
		84365CB022C567A80014E577 /* Double+Extension.swift */ = {isa = PBXFileReference; lastKnownFileType = sourcecode.swift; path = "Double+Extension.swift"; sourceTree = "<group>"; };
		84365CB222C567B50014E577 /* Float+Extension.swift */ = {isa = PBXFileReference; lastKnownFileType = sourcecode.swift; path = "Float+Extension.swift"; sourceTree = "<group>"; };
		84365CB422C5687E0014E577 /* String+Extension.swift */ = {isa = PBXFileReference; lastKnownFileType = sourcecode.swift; path = "String+Extension.swift"; sourceTree = "<group>"; };
		84365CB722C569520014E577 /* UserAppliedFilter.swift */ = {isa = PBXFileReference; lastKnownFileType = sourcecode.swift; path = UserAppliedFilter.swift; sourceTree = "<group>"; };
		84365CB922C62AA40014E577 /* UIKit+Generics.swift */ = {isa = PBXFileReference; lastKnownFileType = sourcecode.swift; path = "UIKit+Generics.swift"; sourceTree = "<group>"; };
		84365CBB22C64A860014E577 /* SelectedButton.swift */ = {isa = PBXFileReference; lastKnownFileType = sourcecode.swift; path = SelectedButton.swift; sourceTree = "<group>"; };
		84365CD222C8EB5B0014E577 /* MainMenuController+CLLocation.swift */ = {isa = PBXFileReference; lastKnownFileType = sourcecode.swift; path = "MainMenuController+CLLocation.swift"; sourceTree = "<group>"; };
		84365CD922C93D860014E577 /* GroupMapController+Map.swift */ = {isa = PBXFileReference; lastKnownFileType = sourcecode.swift; path = "GroupMapController+Map.swift"; sourceTree = "<group>"; };
		843C66F8227D25D7003A64D1 /* GroupTableViewController.swift */ = {isa = PBXFileReference; lastKnownFileType = sourcecode.swift; path = GroupTableViewController.swift; sourceTree = "<group>"; };
		843C66FA227DC97A003A64D1 /* BusinessCell.swift */ = {isa = PBXFileReference; lastKnownFileType = sourcecode.swift; path = BusinessCell.swift; sourceTree = "<group>"; xcLanguageSpecificationIdentifier = xcode.lang.swift; };
		844D358322CA7A1300D7E594 /* BusinessDetailsController+UI.swift */ = {isa = PBXFileReference; lastKnownFileType = sourcecode.swift; path = "BusinessDetailsController+UI.swift"; sourceTree = "<group>"; };
		844F64B52277B3E0003E6A93 /* Array+Extension.swift */ = {isa = PBXFileReference; lastKnownFileType = sourcecode.swift; path = "Array+Extension.swift"; sourceTree = "<group>"; };
		845A1D8422D02BE20066C17C /* UnBlurViewType.swift */ = {isa = PBXFileReference; lastKnownFileType = sourcecode.swift; path = UnBlurViewType.swift; sourceTree = "<group>"; };
		845A1D8C22D0314D0066C17C /* Global Variables.swift */ = {isa = PBXFileReference; lastKnownFileType = sourcecode.swift; path = "Global Variables.swift"; sourceTree = "<group>"; };
		84684CA222E613D200999599 /* BusinessDetailsCoordinator.swift */ = {isa = PBXFileReference; lastKnownFileType = sourcecode.swift; path = BusinessDetailsCoordinator.swift; sourceTree = "<group>"; };
		84684CA922E6466A00999599 /* FilterCoordinator.swift */ = {isa = PBXFileReference; lastKnownFileType = sourcecode.swift; path = FilterCoordinator.swift; sourceTree = "<group>"; };
		8477222B22F92F620080B586 /* FilterView.swift */ = {isa = PBXFileReference; lastKnownFileType = sourcecode.swift; path = FilterView.swift; sourceTree = "<group>"; };
		8477222D22F92F9B0080B586 /* FilterViewModel.swift */ = {isa = PBXFileReference; lastKnownFileType = sourcecode.swift; path = FilterViewModel.swift; sourceTree = "<group>"; };
		847AE23422E81D7600774371 /* BusinessCellViewModel.swift */ = {isa = PBXFileReference; lastKnownFileType = sourcecode.swift; path = BusinessCellViewModel.swift; sourceTree = "<group>"; };
		847AE23922E922DC00774371 /* CategoryCellViewModel.swift */ = {isa = PBXFileReference; lastKnownFileType = sourcecode.swift; path = CategoryCellViewModel.swift; sourceTree = "<group>"; };
		847AE25522EAA6E800774371 /* MainMenuView.swift */ = {isa = PBXFileReference; lastKnownFileType = sourcecode.swift; path = MainMenuView.swift; sourceTree = "<group>"; };
		847AE25A22EAB46300774371 /* CLLocation+Extension.swift */ = {isa = PBXFileReference; lastKnownFileType = sourcecode.swift; path = "CLLocation+Extension.swift"; sourceTree = "<group>"; };
		847AE25C22EAB4E000774371 /* MainMenuController+Handlers.swift */ = {isa = PBXFileReference; lastKnownFileType = sourcecode.swift; path = "MainMenuController+Handlers.swift"; sourceTree = "<group>"; };
		847AE25F22EBE45500774371 /* BusinessDetailsViewModel.swift */ = {isa = PBXFileReference; lastKnownFileType = sourcecode.swift; path = BusinessDetailsViewModel.swift; sourceTree = "<group>"; };
		847AE26122EBE50B00774371 /* BusinessDetailsView.swift */ = {isa = PBXFileReference; lastKnownFileType = sourcecode.swift; path = BusinessDetailsView.swift; sourceTree = "<group>"; };
		847AE26822EDA37600774371 /* SearchByAddressView.swift */ = {isa = PBXFileReference; lastKnownFileType = sourcecode.swift; path = SearchByAddressView.swift; sourceTree = "<group>"; };
		847AE26A22EDA66800774371 /* SearchByAddressViewModel.swift */ = {isa = PBXFileReference; lastKnownFileType = sourcecode.swift; path = SearchByAddressViewModel.swift; sourceTree = "<group>"; };
		847AE26D22EDCFA500774371 /* SearchByAddressController+UI.swift */ = {isa = PBXFileReference; lastKnownFileType = sourcecode.swift; path = "SearchByAddressController+UI.swift"; sourceTree = "<group>"; };
		847AE26F22EDD03400774371 /* SearchByAddressController+Handlers.swift */ = {isa = PBXFileReference; lastKnownFileType = sourcecode.swift; path = "SearchByAddressController+Handlers.swift"; sourceTree = "<group>"; };
		847AE27122EDD39200774371 /* BusinessDetailsController+Handlers.swift */ = {isa = PBXFileReference; lastKnownFileType = sourcecode.swift; path = "BusinessDetailsController+Handlers.swift"; sourceTree = "<group>"; };
		847AE27322EDDF9300774371 /* MainMenuController+UI.swift */ = {isa = PBXFileReference; lastKnownFileType = sourcecode.swift; path = "MainMenuController+UI.swift"; sourceTree = "<group>"; };
		847AE27522EDE14F00774371 /* SearchByMapViewModel.swift */ = {isa = PBXFileReference; lastKnownFileType = sourcecode.swift; path = SearchByMapViewModel.swift; sourceTree = "<group>"; };
		847AE27722EDE1B100774371 /* SearchByMapView.swift */ = {isa = PBXFileReference; lastKnownFileType = sourcecode.swift; path = SearchByMapView.swift; sourceTree = "<group>"; };
		847AE27A22EDE79600774371 /* SearchByMapController+UI.swift */ = {isa = PBXFileReference; lastKnownFileType = sourcecode.swift; path = "SearchByMapController+UI.swift"; sourceTree = "<group>"; };
		847AE27C22EDE7A300774371 /* SearchByMapController+Handlers.swift */ = {isa = PBXFileReference; lastKnownFileType = sourcecode.swift; path = "SearchByMapController+Handlers.swift"; sourceTree = "<group>"; };
		847AE27E22EDEADB00774371 /* SettingsViewModel.swift */ = {isa = PBXFileReference; lastKnownFileType = sourcecode.swift; path = SettingsViewModel.swift; sourceTree = "<group>"; };
		847AE28022EDEAF600774371 /* SettingsView.swift */ = {isa = PBXFileReference; lastKnownFileType = sourcecode.swift; path = SettingsView.swift; sourceTree = "<group>"; };
		847AE28322EE120400774371 /* SettingsController+UI.swift */ = {isa = PBXFileReference; lastKnownFileType = sourcecode.swift; path = "SettingsController+UI.swift"; sourceTree = "<group>"; };
		847AE28522EE124100774371 /* SettingsController+Handlers.swift */ = {isa = PBXFileReference; lastKnownFileType = sourcecode.swift; path = "SettingsController+Handlers.swift"; sourceTree = "<group>"; };
		847AE28C22EE9A8A00774371 /* FilterController+UI.swift */ = {isa = PBXFileReference; lastKnownFileType = sourcecode.swift; path = "FilterController+UI.swift"; sourceTree = "<group>"; };
		847AE28E22EE9A9900774371 /* FilterController+Handlers.swift */ = {isa = PBXFileReference; lastKnownFileType = sourcecode.swift; path = "FilterController+Handlers.swift"; sourceTree = "<group>"; };
		848761CC227E856C000CECC7 /* GroupMapController.swift */ = {isa = PBXFileReference; lastKnownFileType = sourcecode.swift; path = GroupMapController.swift; sourceTree = "<group>"; xcLanguageSpecificationIdentifier = xcode.lang.swift; };
		848761CF227F176F000CECC7 /* MainMenuController.swift */ = {isa = PBXFileReference; lastKnownFileType = sourcecode.swift; path = MainMenuController.swift; sourceTree = "<group>"; xcLanguageSpecificationIdentifier = xcode.lang.swift; };
		848761D2227F221D000CECC7 /* SearchByMapController.swift */ = {isa = PBXFileReference; lastKnownFileType = sourcecode.swift; path = SearchByMapController.swift; sourceTree = "<group>"; xcLanguageSpecificationIdentifier = xcode.lang.swift; };
		848761D4227F8AE3000CECC7 /* SearchByAddressController.swift */ = {isa = PBXFileReference; lastKnownFileType = sourcecode.swift; path = SearchByAddressController.swift; sourceTree = "<group>"; xcLanguageSpecificationIdentifier = xcode.lang.swift; };
		848761D8227F8E5F000CECC7 /* UIButton+Extensions.swift */ = {isa = PBXFileReference; fileEncoding = 4; lastKnownFileType = sourcecode.swift; path = "UIButton+Extensions.swift"; sourceTree = "<group>"; };
		848761DA227F8E7B000CECC7 /* UITextField+Extensions.swift */ = {isa = PBXFileReference; fileEncoding = 4; lastKnownFileType = sourcecode.swift; path = "UITextField+Extensions.swift"; sourceTree = "<group>"; };
		84888594233BC0EF00427740 /* SearchByAddressController+TextDelegate.swift */ = {isa = PBXFileReference; lastKnownFileType = sourcecode.swift; path = "SearchByAddressController+TextDelegate.swift"; sourceTree = "<group>"; };
		848B8E0F227202B000F761F5 /* CreateYelpURLDuringLooping.swift */ = {isa = PBXFileReference; lastKnownFileType = sourcecode.swift; path = CreateYelpURLDuringLooping.swift; sourceTree = "<group>"; };
		848DEC4922F255A900102E9B /* LocationViewModel.swift */ = {isa = PBXFileReference; lastKnownFileType = sourcecode.swift; path = LocationViewModel.swift; sourceTree = "<group>"; };
		848DEC4B22F2619D00102E9B /* OpenController+Animation.swift */ = {isa = PBXFileReference; lastKnownFileType = sourcecode.swift; path = "OpenController+Animation.swift"; sourceTree = "<group>"; };
		848DEC4D22F2627800102E9B /* OpenController+Handlers.swift */ = {isa = PBXFileReference; lastKnownFileType = sourcecode.swift; path = "OpenController+Handlers.swift"; sourceTree = "<group>"; };
		848DEC5222F3DF3B00102E9B /* Presentable.swift */ = {isa = PBXFileReference; lastKnownFileType = sourcecode.swift; path = Presentable.swift; sourceTree = "<group>"; };
		848DEC5422F3E02400102E9B /* RouterType.swift */ = {isa = PBXFileReference; lastKnownFileType = sourcecode.swift; path = RouterType.swift; sourceTree = "<group>"; };
		848DEC5622F3E0CD00102E9B /* Coordinator Protocols.swift */ = {isa = PBXFileReference; lastKnownFileType = sourcecode.swift; path = "Coordinator Protocols.swift"; sourceTree = "<group>"; };
		848DEC5822F3E18800102E9B /* PresentableCoordinatorType.swift */ = {isa = PBXFileReference; lastKnownFileType = sourcecode.swift; path = PresentableCoordinatorType.swift; sourceTree = "<group>"; };
		848DEC5A22F3E1C000102E9B /* BaseCoordinatorType.swift */ = {isa = PBXFileReference; lastKnownFileType = sourcecode.swift; path = BaseCoordinatorType.swift; sourceTree = "<group>"; };
		848DEC5C22F3E1F100102E9B /* PresentableType.swift */ = {isa = PBXFileReference; lastKnownFileType = sourcecode.swift; path = PresentableType.swift; sourceTree = "<group>"; };
		848DEC5E22F3E21D00102E9B /* CoordinatorType.swift */ = {isa = PBXFileReference; lastKnownFileType = sourcecode.swift; path = CoordinatorType.swift; sourceTree = "<group>"; };
		848DEC6022F3E3BF00102E9B /* DataSourceType.swift */ = {isa = PBXFileReference; lastKnownFileType = sourcecode.swift; path = DataSourceType.swift; sourceTree = "<group>"; };
		848DEC6222F3E4CB00102E9B /* OpenControllerType.swift */ = {isa = PBXFileReference; lastKnownFileType = sourcecode.swift; path = OpenControllerType.swift; sourceTree = "<group>"; };
		84A5AFDC22A21E71009B96AD /* GoogleMapResponse.swift */ = {isa = PBXFileReference; lastKnownFileType = sourcecode.swift; path = GoogleMapResponse.swift; sourceTree = "<group>"; };
		84A5B02122A5D55C009B96AD /* ManagedObjectCloner.swift */ = {isa = PBXFileReference; lastKnownFileType = sourcecode.swift; path = ManagedObjectCloner.swift; sourceTree = "<group>"; };
		84A5B02622A5DFDF009B96AD /* FilterController.swift */ = {isa = PBXFileReference; lastKnownFileType = sourcecode.swift; path = FilterController.swift; sourceTree = "<group>"; xcLanguageSpecificationIdentifier = xcode.lang.swift; };
		84B3CF8B2268A9030012A75C /* TabGroupController.swift */ = {isa = PBXFileReference; lastKnownFileType = sourcecode.swift; path = TabGroupController.swift; sourceTree = "<group>"; };
		84B68104230C58E2000D89AB /* LaunchScreen.png */ = {isa = PBXFileReference; lastKnownFileType = image.png; path = LaunchScreen.png; sourceTree = "<group>"; };
		84BDE2EC2263D007008C9B01 /* Business_Search.app */ = {isa = PBXFileReference; explicitFileType = wrapper.application; includeInIndex = 0; path = Business_Search.app; sourceTree = BUILT_PRODUCTS_DIR; };
		84BDE2EF2263D007008C9B01 /* AppDelegate.swift */ = {isa = PBXFileReference; lastKnownFileType = sourcecode.swift; path = AppDelegate.swift; sourceTree = "<group>"; };
		84BDE2F62263D009008C9B01 /* Assets.xcassets */ = {isa = PBXFileReference; lastKnownFileType = folder.assetcatalog; path = Assets.xcassets; sourceTree = "<group>"; };
		84BDE2F92263D009008C9B01 /* Base */ = {isa = PBXFileReference; lastKnownFileType = file.storyboard; name = Base; path = Base.lproj/LaunchScreen.storyboard; sourceTree = "<group>"; };
		84BDE2FB2263D009008C9B01 /* Info.plist */ = {isa = PBXFileReference; lastKnownFileType = text.plist.xml; path = Info.plist; sourceTree = "<group>"; };
		84BDE3042263D3CD008C9B01 /* UIView+Extensions.swift */ = {isa = PBXFileReference; fileEncoding = 4; lastKnownFileType = sourcecode.swift; path = "UIView+Extensions.swift"; sourceTree = "<group>"; xcLanguageSpecificationIdentifier = xcode.lang.swift; };
		84BDE3052263D3CD008C9B01 /* UIColor+Extension.swift */ = {isa = PBXFileReference; fileEncoding = 4; lastKnownFileType = sourcecode.swift; path = "UIColor+Extension.swift"; sourceTree = "<group>"; };
		84BDE3062263D3CE008C9B01 /* UIViewController+Extension.swift */ = {isa = PBXFileReference; fileEncoding = 4; lastKnownFileType = sourcecode.swift; path = "UIViewController+Extension.swift"; sourceTree = "<group>"; };
		84BDE30C2263DAE1008C9B01 /* CustomNavigationController.swift */ = {isa = PBXFileReference; lastKnownFileType = sourcecode.swift; path = CustomNavigationController.swift; sourceTree = "<group>"; };
		84BDE30E2263E652008C9B01 /* UNSYNC.swift */ = {isa = PBXFileReference; lastKnownFileType = sourcecode.swift; path = UNSYNC.swift; sourceTree = "<group>"; };
		84BDE31022642B27008C9B01 /* YelpClient.swift */ = {isa = PBXFileReference; lastKnownFileType = sourcecode.swift; path = YelpClient.swift; sourceTree = "<group>"; };
		84CC285C2297774800A82BBE /* SettingsController.swift */ = {isa = PBXFileReference; lastKnownFileType = sourcecode.swift; path = SettingsController.swift; sourceTree = "<group>"; xcLanguageSpecificationIdentifier = xcode.lang.swift; };
		84DC40CF22693AA8003003C4 /* YelpAPIErrorResponse.swift */ = {isa = PBXFileReference; lastKnownFileType = sourcecode.swift; path = YelpAPIErrorResponse.swift; sourceTree = "<group>"; };
		84DC40D122697319003003C4 /* Error_Enums.swift */ = {isa = PBXFileReference; lastKnownFileType = sourcecode.swift; path = Error_Enums.swift; sourceTree = "<group>"; };
		84DC40DC2269F7C0003003C4 /* YelpBusinessResponse.swift */ = {isa = PBXFileReference; lastKnownFileType = sourcecode.swift; path = YelpBusinessResponse.swift; sourceTree = "<group>"; };
		84DC40E8226B7BD7003003C4 /* YelpData.xcdatamodel */ = {isa = PBXFileReference; lastKnownFileType = wrapper.xcdatamodel; path = YelpData.xcdatamodel; sourceTree = "<group>"; };
		84DC40EA226BCB2C003003C4 /* DataController.swift */ = {isa = PBXFileReference; fileEncoding = 4; lastKnownFileType = sourcecode.swift; path = DataController.swift; sourceTree = "<group>"; };
		84E27D0A22EF6C3000D2CAE5 /* OpenController.swift */ = {isa = PBXFileReference; lastKnownFileType = sourcecode.swift; path = OpenController.swift; sourceTree = "<group>"; };
		84E27D0D22EF6C5700D2CAE5 /* OpenView.swift */ = {isa = PBXFileReference; lastKnownFileType = sourcecode.swift; path = OpenView.swift; sourceTree = "<group>"; };
		84E27D0F22EF6C6B00D2CAE5 /* BusinessViewModel.swift */ = {isa = PBXFileReference; lastKnownFileType = sourcecode.swift; path = BusinessViewModel.swift; sourceTree = "<group>"; };
		84E27D1722EFD11B00D2CAE5 /* CategoryCountViewModel.swift */ = {isa = PBXFileReference; lastKnownFileType = sourcecode.swift; path = CategoryCountViewModel.swift; sourceTree = "<group>"; };
		84E27D1A22F0126100D2CAE5 /* Open_DataSource.swift */ = {isa = PBXFileReference; lastKnownFileType = sourcecode.swift; path = Open_DataSource.swift; sourceTree = "<group>"; };
		84E27D1C22F0793C00D2CAE5 /* OpenController+Search.swift */ = {isa = PBXFileReference; lastKnownFileType = sourcecode.swift; path = "OpenController+Search.swift"; sourceTree = "<group>"; };
		84E27D1E22F08E7D00D2CAE5 /* Open_Delegate.swift */ = {isa = PBXFileReference; lastKnownFileType = sourcecode.swift; path = Open_Delegate.swift; sourceTree = "<group>"; };
		84E27D2022F0963200D2CAE5 /* OpenController+UI.swift */ = {isa = PBXFileReference; lastKnownFileType = sourcecode.swift; path = "OpenController+UI.swift"; sourceTree = "<group>"; };
		84E27D2222F09EFB00D2CAE5 /* CategoryViewModel.swift */ = {isa = PBXFileReference; lastKnownFileType = sourcecode.swift; path = CategoryViewModel.swift; sourceTree = "<group>"; };
		84EC563B2313669B00560787 /* CoreData Structs.swift */ = {isa = PBXFileReference; lastKnownFileType = sourcecode.swift; path = "CoreData Structs.swift"; sourceTree = "<group>"; };
		84EC8CA3233992AB00D35B4F /* DateChecker.swift */ = {isa = PBXFileReference; lastKnownFileType = sourcecode.swift; path = DateChecker.swift; sourceTree = "<group>"; };
		84EC8CAD2339AB3E00D35B4F /* MainMenuViewModel.swift */ = {isa = PBXFileReference; fileEncoding = 4; lastKnownFileType = sourcecode.swift; name = MainMenuViewModel.swift; path = ../MainMenu/MainMenuViewModel.swift; sourceTree = "<group>"; };
		84EE7B752303878600EB5FF7 /* Business_SearchTests.xctest */ = {isa = PBXFileReference; explicitFileType = wrapper.cfbundle; includeInIndex = 0; path = Business_SearchTests.xctest; sourceTree = BUILT_PRODUCTS_DIR; };
		84EE7B772303878600EB5FF7 /* Business_SearchTests.swift */ = {isa = PBXFileReference; lastKnownFileType = sourcecode.swift; path = Business_SearchTests.swift; sourceTree = "<group>"; };
		84EE7B792303878600EB5FF7 /* Info.plist */ = {isa = PBXFileReference; lastKnownFileType = text.plist.xml; path = Info.plist; sourceTree = "<group>"; };
		84F1B471226DFFA200EDBABC /* YelpAllCategoriesResponse.swift */ = {isa = PBXFileReference; lastKnownFileType = sourcecode.swift; path = YelpAllCategoriesResponse.swift; sourceTree = "<group>"; };
		961B70040D961DFBA66EB96C /* Pods-Business_Search.release.xcconfig */ = {isa = PBXFileReference; includeInIndex = 1; lastKnownFileType = text.xcconfig; name = "Pods-Business_Search.release.xcconfig"; path = "Target Support Files/Pods-Business_Search/Pods-Business_Search.release.xcconfig"; sourceTree = "<group>"; };
		E2C8014F6DDB1C3E40EBC947 /* Pods_Business_Search.framework */ = {isa = PBXFileReference; explicitFileType = wrapper.framework; includeInIndex = 0; path = Pods_Business_Search.framework; sourceTree = BUILT_PRODUCTS_DIR; };
		F9B41562D11B512E79F2D91D /* Pods-Business_Search.debug.xcconfig */ = {isa = PBXFileReference; includeInIndex = 1; lastKnownFileType = text.xcconfig; name = "Pods-Business_Search.debug.xcconfig"; path = "Target Support Files/Pods-Business_Search/Pods-Business_Search.debug.xcconfig"; sourceTree = "<group>"; };
/* End PBXFileReference section */

/* Begin PBXFrameworksBuildPhase section */
		84BDE2E92263D007008C9B01 /* Frameworks */ = {
			isa = PBXFrameworksBuildPhase;
			buildActionMask = 2147483647;
			files = (
				F6809A7F1B4C3175D91AF6F7 /* Pods_Business_Search.framework in Frameworks */,
			);
			runOnlyForDeploymentPostprocessing = 0;
		};
		84EE7B722303878600EB5FF7 /* Frameworks */ = {
			isa = PBXFrameworksBuildPhase;
			buildActionMask = 2147483647;
			files = (
			);
			runOnlyForDeploymentPostprocessing = 0;
		};
/* End PBXFrameworksBuildPhase section */

/* Begin PBXGroup section */
		8401125E22E29F1400ECE0D5 /* Base_Coordinator */ = {
			isa = PBXGroup;
			children = (
				847AE25422EA9C2000774371 /* Router */,
				8401127722E51C2300ECE0D5 /* AppCoordinator.swift */,
				8401126422E29FE800ECE0D5 /* Coordinators.swift */,
			);
			path = Base_Coordinator;
			sourceTree = "<group>";
		};
		8408F0DF22E60A9100DB55B6 /* Protocols */ = {
			isa = PBXGroup;
			children = (
				848DEC5A22F3E1C000102E9B /* BaseCoordinatorType.swift */,
				848DEC5622F3E0CD00102E9B /* Coordinator Protocols.swift */,
				848DEC5E22F3E21D00102E9B /* CoordinatorType.swift */,
				848DEC6022F3E3BF00102E9B /* DataSourceType.swift */,
				848DEC6222F3E4CB00102E9B /* OpenControllerType.swift */,
				848DEC5222F3DF3B00102E9B /* Presentable.swift */,
				848DEC5822F3E18800102E9B /* PresentableCoordinatorType.swift */,
				848DEC5C22F3E1F100102E9B /* PresentableType.swift */,
				848DEC5422F3E02400102E9B /* RouterType.swift */,
				845A1D8422D02BE20066C17C /* UnBlurViewType.swift */,
			);
			path = Protocols;
			sourceTree = "<group>";
		};
		840CC5FA22F144D000BAC72F /* Table Data Delegate */ = {
			isa = PBXGroup;
			children = (
				84E27D1E22F08E7D00D2CAE5 /* Open_Delegate.swift */,
				840CC5FB22F1454500BAC72F /* Open_Delegate+RowAction.swift */,
				840CC5FD22F1F7E800BAC72F /* Open_Delegate+LeadingSwype.swift */,
			);
			path = "Table Data Delegate";
			sourceTree = "<group>";
		};
		8414475D2266C49900A38AAB /* Yelp */ = {
			isa = PBXGroup;
			children = (
				84DC40D322697323003003C4 /* Error_Enums */,
				841447602266C50800A38AAB /* Response */,
				84CF692622755B0B00109C96 /* Yelp_Struct */,
				84BDE31022642B27008C9B01 /* YelpClient.swift */,
			);
			path = Yelp;
			sourceTree = "<group>";
		};
		841447602266C50800A38AAB /* Response */ = {
			isa = PBXGroup;
			children = (
				8414475E2266C4D200A38AAB /* YelpAutoCompleteResponse.swift */,
				84DC40CF22693AA8003003C4 /* YelpAPIErrorResponse.swift */,
				84DC40DC2269F7C0003003C4 /* YelpBusinessResponse.swift */,
				84F1B471226DFFA200EDBABC /* YelpAllCategoriesResponse.swift */,
			);
			path = Response;
			sourceTree = "<group>";
		};
		84365CAD22C565060014E577 /* UIKit */ = {
			isa = PBXGroup;
			children = (
				848761D8227F8E5F000CECC7 /* UIButton+Extensions.swift */,
				84BDE3052263D3CD008C9B01 /* UIColor+Extension.swift */,
				848761DA227F8E7B000CECC7 /* UITextField+Extensions.swift */,
				84BDE3042263D3CD008C9B01 /* UIView+Extensions.swift */,
				84BDE3062263D3CE008C9B01 /* UIViewController+Extension.swift */,
			);
			path = UIKit;
			sourceTree = "<group>";
		};
		84365CAF22C566500014E577 /* Foundation */ = {
			isa = PBXGroup;
			children = (
				844F64B52277B3E0003E6A93 /* Array+Extension.swift */,
				84365CB022C567A80014E577 /* Double+Extension.swift */,
				84365CB222C567B50014E577 /* Float+Extension.swift */,
				84365CB422C5687E0014E577 /* String+Extension.swift */,
			);
			path = Foundation;
			sourceTree = "<group>";
		};
		84365CCE22C8E30E0014E577 /* SubClass */ = {
			isa = PBXGroup;
			children = (
				8424A073229A1D0100F8FAF3 /* BusinessAnnotationView.swift */,
				847AE25A22EAB46300774371 /* CLLocation+Extension.swift */,
				84365CBB22C64A860014E577 /* SelectedButton.swift */,
				84BDE30C2263DAE1008C9B01 /* CustomNavigationController.swift */,
				84365CB922C62AA40014E577 /* UIKit+Generics.swift */,
			);
			path = SubClass;
			sourceTree = "<group>";
		};
		845A1D8722D02D680066C17C /* NUserDefaults */ = {
			isa = PBXGroup;
			children = (
				84365CB722C569520014E577 /* UserAppliedFilter.swift */,
				84EC8CA3233992AB00D35B4F /* DateChecker.swift */,
			);
			path = NUserDefaults;
			sourceTree = "<group>";
		};
		84684CA022E6108C00999599 /* API */ = {
			isa = PBXGroup;
			children = (
				84A5AFDB22A21E50009B96AD /* Google */,
				8414475D2266C49900A38AAB /* Yelp */,
			);
			path = API;
			sourceTree = "<group>";
		};
		847AE23322E81D1E00774371 /* ViewModel */ = {
			isa = PBXGroup;
			children = (
				84EC8CAF2339AB4A00D35B4F /* MainMenuViewModel */,
				848DEC6B22F4095300102E9B /* BusinessCell */,
				848DEC6C22F4097800102E9B /* BusinessDetails */,
				848DEC6D22F4098E00102E9B /* CategoryCell */,
				848DEC6E22F409AC00102E9B /* Filter */,
				84E27D1922EFD81800D2CAE5 /* Open */,
				848DEC6F22F409C100102E9B /* SearchByAddress */,
				848DEC7122F409DA00102E9B /* SearchByMap */,
				848DEC7222F409E800102E9B /* Settings */,
			);
			path = ViewModel;
			sourceTree = "<group>";
		};
		847AE23622E892E000774371 /* Extensions */ = {
			isa = PBXGroup;
			children = (
				84365CAF22C566500014E577 /* Foundation */,
				84365CAD22C565060014E577 /* UIKit */,
			);
			path = Extensions;
			sourceTree = "<group>";
		};
		847AE23F22E9458400774371 /* ViewControllers */ = {
			isa = PBXGroup;
			children = (
				84A5AFDE22A368E2009B96AD /* BusinessDetails */,
				847AE28B22EE9A6F00774371 /* Filter */,
				848761D1227F1779000CECC7 /* MainMenu */,
				848DEC6422F3E76900102E9B /* OpenController */,
				848DEC6A22F407F700102E9B /* TabGroup */,
				847AE27922EDE76900774371 /* SearchByMap */,
				847AE26C22EDCF8400774371 /* SearchByAddress */,
				847AE28222EE11E700774371 /* Settings */,
			);
			path = ViewControllers;
			sourceTree = "<group>";
		};
		847AE24022E945A600774371 /* Coordinators */ = {
			isa = PBXGroup;
			children = (
				8401125E22E29F1400ECE0D5 /* Base_Coordinator */,
				84684CA222E613D200999599 /* BusinessDetailsCoordinator.swift */,
				84684CA922E6466A00999599 /* FilterCoordinator.swift */,
				841CDF8E22E7535200FEB1D0 /* GroupMapCoordinator.swift */,
				841CDF8B22E746A600FEB1D0 /* GroupTableViewCoordinator.swift */,
				8401127922E51C5C00ECE0D5 /* MainMenuCoordinator.swift */,
				8401127D22E51CE300ECE0D5 /* OpenCoordinator.swift */,
				8401127F22E51D2B00ECE0D5 /* SearchByAddressCoordinator.swift */,
				8401128122E51D5200ECE0D5 /* SearchByMapCoordinator.swift */,
				8401127B22E51C9C00ECE0D5 /* SettingsCoordinator.swift */,
				841CDF8622E6BFEE00FEB1D0 /* TabGroupCoordinator.swift */,
			);
			path = Coordinators;
			sourceTree = "<group>";
		};
		847AE25422EA9C2000774371 /* Router */ = {
			isa = PBXGroup;
			children = (
				8401125F22E29F2600ECE0D5 /* Router.swift */,
			);
			path = Router;
			sourceTree = "<group>";
		};
		847AE26522ED612900774371 /* Views */ = {
			isa = PBXGroup;
			children = (
				843C66FA227DC97A003A64D1 /* BusinessCell.swift */,
				847AE26122EBE50B00774371 /* BusinessDetailsView.swift */,
				8417FCBC227B8A6D005BC240 /* CategoryCell.swift */,
				8477222B22F92F620080B586 /* FilterView.swift */,
				847AE25522EAA6E800774371 /* MainMenuView.swift */,
				84E27D0D22EF6C5700D2CAE5 /* OpenView.swift */,
				847AE26822EDA37600774371 /* SearchByAddressView.swift */,
				847AE27722EDE1B100774371 /* SearchByMapView.swift */,
				847AE28022EDEAF600774371 /* SettingsView.swift */,
			);
			path = Views;
			sourceTree = "<group>";
		};
		847AE26C22EDCF8400774371 /* SearchByAddress */ = {
			isa = PBXGroup;
			children = (
				848761D4227F8AE3000CECC7 /* SearchByAddressController.swift */,
				847AE26F22EDD03400774371 /* SearchByAddressController+Handlers.swift */,
				847AE26D22EDCFA500774371 /* SearchByAddressController+UI.swift */,
				84888594233BC0EF00427740 /* SearchByAddressController+TextDelegate.swift */,
			);
			path = SearchByAddress;
			sourceTree = "<group>";
		};
		847AE27922EDE76900774371 /* SearchByMap */ = {
			isa = PBXGroup;
			children = (
				848761D2227F221D000CECC7 /* SearchByMapController.swift */,
				847AE27A22EDE79600774371 /* SearchByMapController+UI.swift */,
				847AE27C22EDE7A300774371 /* SearchByMapController+Handlers.swift */,
			);
			path = SearchByMap;
			sourceTree = "<group>";
		};
		847AE28222EE11E700774371 /* Settings */ = {
			isa = PBXGroup;
			children = (
				84CC285C2297774800A82BBE /* SettingsController.swift */,
				847AE28322EE120400774371 /* SettingsController+UI.swift */,
				847AE28522EE124100774371 /* SettingsController+Handlers.swift */,
			);
			path = Settings;
			sourceTree = "<group>";
		};
		847AE28B22EE9A6F00774371 /* Filter */ = {
			isa = PBXGroup;
			children = (
				84A5B02622A5DFDF009B96AD /* FilterController.swift */,
				847AE28C22EE9A8A00774371 /* FilterController+UI.swift */,
				847AE28E22EE9A9900774371 /* FilterController+Handlers.swift */,
			);
			path = Filter;
			sourceTree = "<group>";
		};
		848761D1227F1779000CECC7 /* MainMenu */ = {
			isa = PBXGroup;
			children = (
				848761CF227F176F000CECC7 /* MainMenuController.swift */,
				847AE27322EDDF9300774371 /* MainMenuController+UI.swift */,
				847AE25C22EAB4E000774371 /* MainMenuController+Handlers.swift */,
				84365CD222C8EB5B0014E577 /* MainMenuController+CLLocation.swift */,
			);
			path = MainMenu;
			sourceTree = "<group>";
		};
		848DEC6422F3E76900102E9B /* OpenController */ = {
			isa = PBXGroup;
			children = (
				848DEC6622F3E8B600102E9B /* TableView */,
				84E27D0A22EF6C3000D2CAE5 /* OpenController.swift */,
				84E27D1C22F0793C00D2CAE5 /* OpenController+Search.swift */,
				84E27D2022F0963200D2CAE5 /* OpenController+UI.swift */,
				848DEC4D22F2627800102E9B /* OpenController+Handlers.swift */,
				848DEC4B22F2619D00102E9B /* OpenController+Animation.swift */,
			);
			path = OpenController;
			sourceTree = "<group>";
		};
		848DEC6522F3E78800102E9B /* Table Data Source */ = {
			isa = PBXGroup;
			children = (
				84E27D1A22F0126100D2CAE5 /* Open_DataSource.swift */,
			);
			path = "Table Data Source";
			sourceTree = "<group>";
		};
		848DEC6622F3E8B600102E9B /* TableView */ = {
			isa = PBXGroup;
			children = (
				848DEC6522F3E78800102E9B /* Table Data Source */,
				840CC5FA22F144D000BAC72F /* Table Data Delegate */,
			);
			path = TableView;
			sourceTree = "<group>";
		};
		848DEC6922F3E97C00102E9B /* Support Files */ = {
			isa = PBXGroup;
			children = (
				84B68104230C58E2000D89AB /* LaunchScreen.png */,
				84BDE2EF2263D007008C9B01 /* AppDelegate.swift */,
				84BDE2F62263D009008C9B01 /* Assets.xcassets */,
				845A1D8C22D0314D0066C17C /* Global Variables.swift */,
				84BDE2F82263D009008C9B01 /* LaunchScreen.storyboard */,
			);
			path = "Support Files";
			sourceTree = "<group>";
		};
		848DEC6A22F407F700102E9B /* TabGroup */ = {
			isa = PBXGroup;
			children = (
				84B3CF8B2268A9030012A75C /* TabGroupController.swift */,
				843C66F8227D25D7003A64D1 /* GroupTableViewController.swift */,
				848761CC227E856C000CECC7 /* GroupMapController.swift */,
				84365CD922C93D860014E577 /* GroupMapController+Map.swift */,
			);
			path = TabGroup;
			sourceTree = "<group>";
		};
		848DEC6B22F4095300102E9B /* BusinessCell */ = {
			isa = PBXGroup;
			children = (
				847AE23422E81D7600774371 /* BusinessCellViewModel.swift */,
			);
			path = BusinessCell;
			sourceTree = "<group>";
		};
		848DEC6C22F4097800102E9B /* BusinessDetails */ = {
			isa = PBXGroup;
			children = (
				847AE25F22EBE45500774371 /* BusinessDetailsViewModel.swift */,
			);
			path = BusinessDetails;
			sourceTree = "<group>";
		};
		848DEC6D22F4098E00102E9B /* CategoryCell */ = {
			isa = PBXGroup;
			children = (
				847AE23922E922DC00774371 /* CategoryCellViewModel.swift */,
			);
			path = CategoryCell;
			sourceTree = "<group>";
		};
		848DEC6E22F409AC00102E9B /* Filter */ = {
			isa = PBXGroup;
			children = (
				8477222D22F92F9B0080B586 /* FilterViewModel.swift */,
			);
			path = Filter;
			sourceTree = "<group>";
		};
		848DEC6F22F409C100102E9B /* SearchByAddress */ = {
			isa = PBXGroup;
			children = (
				847AE26A22EDA66800774371 /* SearchByAddressViewModel.swift */,
			);
			path = SearchByAddress;
			sourceTree = "<group>";
		};
		848DEC7122F409DA00102E9B /* SearchByMap */ = {
			isa = PBXGroup;
			children = (
				847AE27522EDE14F00774371 /* SearchByMapViewModel.swift */,
			);
			path = SearchByMap;
			sourceTree = "<group>";
		};
		848DEC7222F409E800102E9B /* Settings */ = {
			isa = PBXGroup;
			children = (
				847AE27E22EDEADB00774371 /* SettingsViewModel.swift */,
			);
			path = Settings;
			sourceTree = "<group>";
		};
		84A5AFDB22A21E50009B96AD /* Google */ = {
			isa = PBXGroup;
			children = (
				84A5AFDC22A21E71009B96AD /* GoogleMapResponse.swift */,
			);
			path = Google;
			sourceTree = "<group>";
		};
		84A5AFDE22A368E2009B96AD /* BusinessDetails */ = {
			isa = PBXGroup;
			children = (
				842AD7D8228538B900590B1A /* BusinessDetailsController.swift */,
				844D358322CA7A1300D7E594 /* BusinessDetailsController+UI.swift */,
				847AE27122EDD39200774371 /* BusinessDetailsController+Handlers.swift */,
			);
			path = BusinessDetails;
			sourceTree = "<group>";
		};
		84BDE2E32263D006008C9B01 = {
			isa = PBXGroup;
			children = (
				84BDE30E2263E652008C9B01 /* UNSYNC.swift */,
				840B4B4C232E73BD00D42715 /* MyDownloader.json */,
				84BDE2EE2263D007008C9B01 /* Business_Search */,
				84EE7B762303878600EB5FF7 /* Business_SearchTests */,
				84BDE2ED2263D007008C9B01 /* Products */,
				EC8B6EA18000868FE245DDAB /* Pods */,
				B368EECBA97B6A31068D07BF /* Frameworks */,
			);
			sourceTree = "<group>";
		};
		84BDE2ED2263D007008C9B01 /* Products */ = {
			isa = PBXGroup;
			children = (
				84BDE2EC2263D007008C9B01 /* Business_Search.app */,
				84EE7B752303878600EB5FF7 /* Business_SearchTests.xctest */,
			);
			name = Products;
			sourceTree = "<group>";
		};
		84BDE2EE2263D007008C9B01 /* Business_Search */ = {
			isa = PBXGroup;
			children = (
				84BDE3012263D367008C9B01 /* Models */,
				847AE26522ED612900774371 /* Views */,
				847AE23F22E9458400774371 /* ViewControllers */,
				847AE23322E81D1E00774371 /* ViewModel */,
				847AE24022E945A600774371 /* Coordinators */,
				848DEC6922F3E97C00102E9B /* Support Files */,
				84365CCE22C8E30E0014E577 /* SubClass */,
				8408F0DF22E60A9100DB55B6 /* Protocols */,
				847AE23622E892E000774371 /* Extensions */,
				84BDE2FB2263D009008C9B01 /* Info.plist */,
			);
			path = Business_Search;
			sourceTree = "<group>";
		};
		84BDE3012263D367008C9B01 /* Models */ = {
			isa = PBXGroup;
			children = (
				84684CA022E6108C00999599 /* API */,
				84DC40E6226B7B89003003C4 /* Core Data */,
				845A1D8722D02D680066C17C /* NUserDefaults */,
			);
			path = Models;
			sourceTree = "<group>";
		};
		84CF692622755B0B00109C96 /* Yelp_Struct */ = {
			isa = PBXGroup;
			children = (
				848B8E0F227202B000F761F5 /* CreateYelpURLDuringLooping.swift */,
			);
			path = Yelp_Struct;
			sourceTree = "<group>";
		};
		84DC40D322697323003003C4 /* Error_Enums */ = {
			isa = PBXGroup;
			children = (
				84DC40D122697319003003C4 /* Error_Enums.swift */,
			);
			path = Error_Enums;
			sourceTree = "<group>";
		};
		84DC40E6226B7B89003003C4 /* Core Data */ = {
			isa = PBXGroup;
			children = (
				84DC40EA226BCB2C003003C4 /* DataController.swift */,
				84A5B02122A5D55C009B96AD /* ManagedObjectCloner.swift */,
				84DC40E7226B7BD7003003C4 /* YelpDataModels.xcdatamodeld */,
				84EC563B2313669B00560787 /* CoreData Structs.swift */,
			);
			path = "Core Data";
			sourceTree = "<group>";
		};
		84E27D1922EFD81800D2CAE5 /* Open */ = {
			isa = PBXGroup;
			children = (
				84E27D0F22EF6C6B00D2CAE5 /* BusinessViewModel.swift */,
				848DEC4922F255A900102E9B /* LocationViewModel.swift */,
				84E27D1722EFD11B00D2CAE5 /* CategoryCountViewModel.swift */,
				84E27D2222F09EFB00D2CAE5 /* CategoryViewModel.swift */,
				840CC5FF22F2044700BAC72F /* FavoritesViewModel.swift */,
			);
			path = Open;
			sourceTree = "<group>";
		};
		84EC8CAF2339AB4A00D35B4F /* MainMenuViewModel */ = {
			isa = PBXGroup;
			children = (
				84EC8CAD2339AB3E00D35B4F /* MainMenuViewModel.swift */,
			);
			path = MainMenuViewModel;
			sourceTree = "<group>";
		};
		84EE7B762303878600EB5FF7 /* Business_SearchTests */ = {
			isa = PBXGroup;
			children = (
				84EE7B772303878600EB5FF7 /* Business_SearchTests.swift */,
				84EE7B792303878600EB5FF7 /* Info.plist */,
			);
			path = Business_SearchTests;
			sourceTree = "<group>";
		};
		B368EECBA97B6A31068D07BF /* Frameworks */ = {
			isa = PBXGroup;
			children = (
				E2C8014F6DDB1C3E40EBC947 /* Pods_Business_Search.framework */,
			);
			name = Frameworks;
			sourceTree = "<group>";
		};
		EC8B6EA18000868FE245DDAB /* Pods */ = {
			isa = PBXGroup;
			children = (
				F9B41562D11B512E79F2D91D /* Pods-Business_Search.debug.xcconfig */,
				961B70040D961DFBA66EB96C /* Pods-Business_Search.release.xcconfig */,
			);
			path = Pods;
			sourceTree = "<group>";
		};
/* End PBXGroup section */

/* Begin PBXNativeTarget section */
		84BDE2EB2263D007008C9B01 /* Business_Search */ = {
			isa = PBXNativeTarget;
			buildConfigurationList = 84BDE2FE2263D009008C9B01 /* Build configuration list for PBXNativeTarget "Business_Search" */;
			buildPhases = (
				160626C7AAA53DA6A232F2FD /* [CP] Check Pods Manifest.lock */,
				84BDE2E82263D007008C9B01 /* Sources */,
				84BDE2E92263D007008C9B01 /* Frameworks */,
				84BDE2EA2263D007008C9B01 /* Resources */,
				D374CEF5A71B7E45FA8B1AD1 /* [CP] Embed Pods Frameworks */,
			);
			buildRules = (
			);
			dependencies = (
			);
			name = Business_Search;
			productName = Business_Search;
			productReference = 84BDE2EC2263D007008C9B01 /* Business_Search.app */;
			productType = "com.apple.product-type.application";
		};
		84EE7B742303878600EB5FF7 /* Business_SearchTests */ = {
			isa = PBXNativeTarget;
			buildConfigurationList = 84EE7B7C2303878600EB5FF7 /* Build configuration list for PBXNativeTarget "Business_SearchTests" */;
			buildPhases = (
				84EE7B712303878600EB5FF7 /* Sources */,
				84EE7B722303878600EB5FF7 /* Frameworks */,
				84EE7B732303878600EB5FF7 /* Resources */,
			);
			buildRules = (
			);
			dependencies = (
				84EE7B7B2303878600EB5FF7 /* PBXTargetDependency */,
			);
			name = Business_SearchTests;
			productName = Business_SearchTests;
			productReference = 84EE7B752303878600EB5FF7 /* Business_SearchTests.xctest */;
			productType = "com.apple.product-type.bundle.unit-test";
		};
/* End PBXNativeTarget section */

/* Begin PBXProject section */
		84BDE2E42263D006008C9B01 /* Project object */ = {
			isa = PBXProject;
			attributes = {
				LastSwiftUpdateCheck = 1030;
				LastUpgradeCheck = 1020;
				ORGANIZATIONNAME = admin;
				TargetAttributes = {
					84BDE2EB2263D007008C9B01 = {
						CreatedOnToolsVersion = 10.2;
					};
					84EE7B742303878600EB5FF7 = {
						CreatedOnToolsVersion = 10.3;
						TestTargetID = 84BDE2EB2263D007008C9B01;
					};
				};
			};
			buildConfigurationList = 84BDE2E72263D006008C9B01 /* Build configuration list for PBXProject "Business_Search" */;
			compatibilityVersion = "Xcode 9.3";
			developmentRegion = en;
			hasScannedForEncodings = 0;
			knownRegions = (
				en,
				Base,
			);
			mainGroup = 84BDE2E32263D006008C9B01;
			productRefGroup = 84BDE2ED2263D007008C9B01 /* Products */;
			projectDirPath = "";
			projectRoot = "";
			targets = (
				84BDE2EB2263D007008C9B01 /* Business_Search */,
				84EE7B742303878600EB5FF7 /* Business_SearchTests */,
			);
		};
/* End PBXProject section */

/* Begin PBXResourcesBuildPhase section */
		84BDE2EA2263D007008C9B01 /* Resources */ = {
			isa = PBXResourcesBuildPhase;
			buildActionMask = 2147483647;
			files = (
				84BDE2FA2263D009008C9B01 /* LaunchScreen.storyboard in Resources */,
				840B4B4D232E73BE00D42715 /* MyDownloader.json in Resources */,
				84B68105230C58E3000D89AB /* LaunchScreen.png in Resources */,
				84BDE2F72263D009008C9B01 /* Assets.xcassets in Resources */,
			);
			runOnlyForDeploymentPostprocessing = 0;
		};
		84EE7B732303878600EB5FF7 /* Resources */ = {
			isa = PBXResourcesBuildPhase;
			buildActionMask = 2147483647;
			files = (
			);
			runOnlyForDeploymentPostprocessing = 0;
		};
/* End PBXResourcesBuildPhase section */

/* Begin PBXShellScriptBuildPhase section */
		160626C7AAA53DA6A232F2FD /* [CP] Check Pods Manifest.lock */ = {
			isa = PBXShellScriptBuildPhase;
			buildActionMask = 2147483647;
			files = (
			);
			inputFileListPaths = (
			);
			inputPaths = (
				"${PODS_PODFILE_DIR_PATH}/Podfile.lock",
				"${PODS_ROOT}/Manifest.lock",
			);
			name = "[CP] Check Pods Manifest.lock";
			outputFileListPaths = (
			);
			outputPaths = (
				"$(DERIVED_FILE_DIR)/Pods-Business_Search-checkManifestLockResult.txt",
			);
			runOnlyForDeploymentPostprocessing = 0;
			shellPath = /bin/sh;
			shellScript = "diff \"${PODS_PODFILE_DIR_PATH}/Podfile.lock\" \"${PODS_ROOT}/Manifest.lock\" > /dev/null\nif [ $? != 0 ] ; then\n    # print error to STDERR\n    echo \"error: The sandbox is not in sync with the Podfile.lock. Run 'pod install' or update your CocoaPods installation.\" >&2\n    exit 1\nfi\n# This output is used by Xcode 'outputs' to avoid re-running this script phase.\necho \"SUCCESS\" > \"${SCRIPT_OUTPUT_FILE_0}\"\n";
			showEnvVarsInLog = 0;
		};
		D374CEF5A71B7E45FA8B1AD1 /* [CP] Embed Pods Frameworks */ = {
			isa = PBXShellScriptBuildPhase;
			buildActionMask = 2147483647;
			files = (
			);
			inputFileListPaths = (
				"${PODS_ROOT}/Target Support Files/Pods-Business_Search/Pods-Business_Search-frameworks-${CONFIGURATION}-input-files.xcfilelist",
			);
			name = "[CP] Embed Pods Frameworks";
			outputFileListPaths = (
				"${PODS_ROOT}/Target Support Files/Pods-Business_Search/Pods-Business_Search-frameworks-${CONFIGURATION}-output-files.xcfilelist",
			);
			runOnlyForDeploymentPostprocessing = 0;
			shellPath = /bin/sh;
			shellScript = "\"${PODS_ROOT}/Target Support Files/Pods-Business_Search/Pods-Business_Search-frameworks.sh\"\n";
			showEnvVarsInLog = 0;
		};
/* End PBXShellScriptBuildPhase section */

/* Begin PBXSourcesBuildPhase section */
		84BDE2E82263D007008C9B01 /* Sources */ = {
			isa = PBXSourcesBuildPhase;
			buildActionMask = 2147483647;
			files = (
				847AE28F22EE9A9A00774371 /* FilterController+Handlers.swift in Sources */,
				848761D3227F221D000CECC7 /* SearchByMapController.swift in Sources */,
				84E27D1822EFD11C00D2CAE5 /* CategoryCountViewModel.swift in Sources */,
				8417FCBD227B8A6D005BC240 /* CategoryCell.swift in Sources */,
				848DEC5922F3E18800102E9B /* PresentableCoordinatorType.swift in Sources */,
				847AE27B22EDE79600774371 /* SearchByMapController+UI.swift in Sources */,
				848DEC5D22F3E1F100102E9B /* PresentableType.swift in Sources */,
				84DC40D022693AA8003003C4 /* YelpAPIErrorResponse.swift in Sources */,
				847AE27F22EDEADB00774371 /* SettingsViewModel.swift in Sources */,
				848DEC5722F3E0CD00102E9B /* Coordinator Protocols.swift in Sources */,
				847AE26B22EDA66800774371 /* SearchByAddressViewModel.swift in Sources */,
				84E27D1F22F08E7D00D2CAE5 /* Open_Delegate.swift in Sources */,
				84365CDA22C93D860014E577 /* GroupMapController+Map.swift in Sources */,
				8401127822E51C2300ECE0D5 /* AppCoordinator.swift in Sources */,
				84365CBC22C64A860014E577 /* SelectedButton.swift in Sources */,
				84684CA322E613D200999599 /* BusinessDetailsCoordinator.swift in Sources */,
				84E27D1022EF6C6B00D2CAE5 /* BusinessViewModel.swift in Sources */,
				847AE27622EDE14F00774371 /* SearchByMapViewModel.swift in Sources */,
				84E27D1B22F0126100D2CAE5 /* Open_DataSource.swift in Sources */,
				847AE23522E81D7600774371 /* BusinessCellViewModel.swift in Sources */,
				840CC60022F2044700BAC72F /* FavoritesViewModel.swift in Sources */,
				84E27D1D22F0793C00D2CAE5 /* OpenController+Search.swift in Sources */,
				841CDF8F22E7535200FEB1D0 /* GroupMapCoordinator.swift in Sources */,
				84EC8CA4233992AB00D35B4F /* DateChecker.swift in Sources */,
				84BDE3072263D3CE008C9B01 /* UIView+Extensions.swift in Sources */,
				840CC5FC22F1454500BAC72F /* Open_Delegate+RowAction.swift in Sources */,
				84365CB322C567B50014E577 /* Float+Extension.swift in Sources */,
				8401126522E29FE800ECE0D5 /* Coordinators.swift in Sources */,
				84B3CF8C2268A9030012A75C /* TabGroupController.swift in Sources */,
				847AE25B22EAB46300774371 /* CLLocation+Extension.swift in Sources */,
				84365CBA22C62AA40014E577 /* UIKit+Generics.swift in Sources */,
				84684CAA22E6466A00999599 /* FilterCoordinator.swift in Sources */,
				84DC40D222697319003003C4 /* Error_Enums.swift in Sources */,
				84A5B02222A5D55C009B96AD /* ManagedObjectCloner.swift in Sources */,
				8401128022E51D2B00ECE0D5 /* SearchByAddressCoordinator.swift in Sources */,
				844F64B62277B3E0003E6A93 /* Array+Extension.swift in Sources */,
				8477222E22F92F9B0080B586 /* FilterViewModel.swift in Sources */,
				8401126022E29F2600ECE0D5 /* Router.swift in Sources */,
				8401128222E51D5200ECE0D5 /* SearchByMapCoordinator.swift in Sources */,
				84F1B472226DFFA200EDBABC /* YelpAllCategoriesResponse.swift in Sources */,
				847AE27D22EDE7A300774371 /* SearchByMapController+Handlers.swift in Sources */,
				847AE27422EDDF9300774371 /* MainMenuController+UI.swift in Sources */,
				848761D9227F8E5F000CECC7 /* UIButton+Extensions.swift in Sources */,
				841CDF8C22E746A600FEB1D0 /* GroupTableViewCoordinator.swift in Sources */,
				848761D0227F176F000CECC7 /* MainMenuController.swift in Sources */,
				848DEC6122F3E3BF00102E9B /* DataSourceType.swift in Sources */,
				8401127E22E51CE300ECE0D5 /* OpenCoordinator.swift in Sources */,
				84BDE2F02263D007008C9B01 /* AppDelegate.swift in Sources */,
				848DEC5B22F3E1C000102E9B /* BaseCoordinatorType.swift in Sources */,
				84EC563C2313669B00560787 /* CoreData Structs.swift in Sources */,
				8414475F2266C4D200A38AAB /* YelpAutoCompleteResponse.swift in Sources */,
				848761CD227E856C000CECC7 /* GroupMapController.swift in Sources */,
				84E27D0B22EF6C3000D2CAE5 /* OpenController.swift in Sources */,
				8424A074229A1D0100F8FAF3 /* BusinessAnnotationView.swift in Sources */,
				844D358422CA7A1300D7E594 /* BusinessDetailsController+UI.swift in Sources */,
				847AE26922EDA37600774371 /* SearchByAddressView.swift in Sources */,
				84DC40EB226BCB2C003003C4 /* DataController.swift in Sources */,
				84BDE3092263D3CE008C9B01 /* UIViewController+Extension.swift in Sources */,
				845A1D8522D02BE20066C17C /* UnBlurViewType.swift in Sources */,
				847AE28622EE124100774371 /* SettingsController+Handlers.swift in Sources */,
				841CDF8722E6BFEE00FEB1D0 /* TabGroupCoordinator.swift in Sources */,
				8477222C22F92F620080B586 /* FilterView.swift in Sources */,
				842AD7D9228538B900590B1A /* BusinessDetailsController.swift in Sources */,
				848DEC4E22F2627800102E9B /* OpenController+Handlers.swift in Sources */,
				847AE28122EDEAF600774371 /* SettingsView.swift in Sources */,
				843C66F9227D25D7003A64D1 /* GroupTableViewController.swift in Sources */,
				84A5AFDD22A21E71009B96AD /* GoogleMapResponse.swift in Sources */,
				848761D5227F8AE3000CECC7 /* SearchByAddressController.swift in Sources */,
				8401127A22E51C5C00ECE0D5 /* MainMenuCoordinator.swift in Sources */,
				84BDE3082263D3CE008C9B01 /* UIColor+Extension.swift in Sources */,
				84E27D2122F0963200D2CAE5 /* OpenController+UI.swift in Sources */,
				84E27D2322F09EFB00D2CAE5 /* CategoryViewModel.swift in Sources */,
				84CC285D2297774800A82BBE /* SettingsController.swift in Sources */,
				84365CD322C8EB5B0014E577 /* MainMenuController+CLLocation.swift in Sources */,
				848DEC6322F3E4CB00102E9B /* OpenControllerType.swift in Sources */,
				84DC40DD2269F7C0003003C4 /* YelpBusinessResponse.swift in Sources */,
				847AE26222EBE50B00774371 /* BusinessDetailsView.swift in Sources */,
				84DC40E9226B7BD7003003C4 /* YelpDataModels.xcdatamodeld in Sources */,
				845A1D8D22D0314D0066C17C /* Global Variables.swift in Sources */,
				847AE28D22EE9A8A00774371 /* FilterController+UI.swift in Sources */,
				84EC8CAE2339AB3E00D35B4F /* MainMenuViewModel.swift in Sources */,
				84BDE30D2263DAE1008C9B01 /* CustomNavigationController.swift in Sources */,
				84365CB822C569520014E577 /* UserAppliedFilter.swift in Sources */,
				848B8E10227202B000F761F5 /* CreateYelpURLDuringLooping.swift in Sources */,
				848761DB227F8E7B000CECC7 /* UITextField+Extensions.swift in Sources */,
				847AE27222EDD39200774371 /* BusinessDetailsController+Handlers.swift in Sources */,
				848DEC4A22F255A900102E9B /* LocationViewModel.swift in Sources */,
				847AE26E22EDCFA500774371 /* SearchByAddressController+UI.swift in Sources */,
				84365CB522C5687E0014E577 /* String+Extension.swift in Sources */,
				847AE25622EAA6E800774371 /* MainMenuView.swift in Sources */,
				84365CB122C567A80014E577 /* Double+Extension.swift in Sources */,
				84BDE31122642B27008C9B01 /* YelpClient.swift in Sources */,
				847AE28422EE120400774371 /* SettingsController+UI.swift in Sources */,
				8401127C22E51C9C00ECE0D5 /* SettingsCoordinator.swift in Sources */,
				84A5B02722A5DFDF009B96AD /* FilterController.swift in Sources */,
				84E27D0E22EF6C5700D2CAE5 /* OpenView.swift in Sources */,
				84888595233BC0EF00427740 /* SearchByAddressController+TextDelegate.swift in Sources */,
				847AE26022EBE45500774371 /* BusinessDetailsViewModel.swift in Sources */,
				847AE27022EDD03500774371 /* SearchByAddressController+Handlers.swift in Sources */,
				848DEC5322F3DF3B00102E9B /* Presentable.swift in Sources */,
				848DEC4C22F2619D00102E9B /* OpenController+Animation.swift in Sources */,
				847AE27822EDE1B100774371 /* SearchByMapView.swift in Sources */,
				843C66FB227DC97A003A64D1 /* BusinessCell.swift in Sources */,
				840CC5FE22F1F7E800BAC72F /* Open_Delegate+LeadingSwype.swift in Sources */,
				84BDE30F2263E652008C9B01 /* UNSYNC.swift in Sources */,
				848DEC5F22F3E21D00102E9B /* CoordinatorType.swift in Sources */,
				847AE23A22E922DC00774371 /* CategoryCellViewModel.swift in Sources */,
				847AE25D22EAB4E000774371 /* MainMenuController+Handlers.swift in Sources */,
				848DEC5522F3E02400102E9B /* RouterType.swift in Sources */,
			);
			runOnlyForDeploymentPostprocessing = 0;
		};
		84EE7B712303878600EB5FF7 /* Sources */ = {
			isa = PBXSourcesBuildPhase;
			buildActionMask = 2147483647;
			files = (
				84EE7B782303878600EB5FF7 /* Business_SearchTests.swift in Sources */,
			);
			runOnlyForDeploymentPostprocessing = 0;
		};
/* End PBXSourcesBuildPhase section */

/* Begin PBXTargetDependency section */
		84EE7B7B2303878600EB5FF7 /* PBXTargetDependency */ = {
			isa = PBXTargetDependency;
			target = 84BDE2EB2263D007008C9B01 /* Business_Search */;
			targetProxy = 84EE7B7A2303878600EB5FF7 /* PBXContainerItemProxy */;
		};
/* End PBXTargetDependency section */

/* Begin PBXVariantGroup section */
		84BDE2F82263D009008C9B01 /* LaunchScreen.storyboard */ = {
			isa = PBXVariantGroup;
			children = (
				84BDE2F92263D009008C9B01 /* Base */,
			);
			name = LaunchScreen.storyboard;
			sourceTree = "<group>";
		};
/* End PBXVariantGroup section */

/* Begin XCBuildConfiguration section */
		84BDE2FC2263D009008C9B01 /* Debug */ = {
			isa = XCBuildConfiguration;
			buildSettings = {
				ALWAYS_SEARCH_USER_PATHS = NO;
				CLANG_ANALYZER_NONNULL = YES;
				CLANG_ANALYZER_NUMBER_OBJECT_CONVERSION = YES_AGGRESSIVE;
				CLANG_CXX_LANGUAGE_STANDARD = "gnu++14";
				CLANG_CXX_LIBRARY = "libc++";
				CLANG_ENABLE_MODULES = YES;
				CLANG_ENABLE_OBJC_ARC = YES;
				CLANG_ENABLE_OBJC_WEAK = YES;
				CLANG_WARN_BLOCK_CAPTURE_AUTORELEASING = YES;
				CLANG_WARN_BOOL_CONVERSION = YES;
				CLANG_WARN_COMMA = YES;
				CLANG_WARN_CONSTANT_CONVERSION = YES;
				CLANG_WARN_DEPRECATED_OBJC_IMPLEMENTATIONS = YES;
				CLANG_WARN_DIRECT_OBJC_ISA_USAGE = YES_ERROR;
				CLANG_WARN_DOCUMENTATION_COMMENTS = YES;
				CLANG_WARN_EMPTY_BODY = YES;
				CLANG_WARN_ENUM_CONVERSION = YES;
				CLANG_WARN_INFINITE_RECURSION = YES;
				CLANG_WARN_INT_CONVERSION = YES;
				CLANG_WARN_NON_LITERAL_NULL_CONVERSION = YES;
				CLANG_WARN_OBJC_IMPLICIT_RETAIN_SELF = YES;
				CLANG_WARN_OBJC_LITERAL_CONVERSION = YES;
				CLANG_WARN_OBJC_ROOT_CLASS = YES_ERROR;
				CLANG_WARN_RANGE_LOOP_ANALYSIS = YES;
				CLANG_WARN_STRICT_PROTOTYPES = YES;
				CLANG_WARN_SUSPICIOUS_MOVE = YES;
				CLANG_WARN_UNGUARDED_AVAILABILITY = YES_AGGRESSIVE;
				CLANG_WARN_UNREACHABLE_CODE = YES;
				CLANG_WARN__DUPLICATE_METHOD_MATCH = YES;
				CODE_SIGN_IDENTITY = "iPhone Developer";
				COPY_PHASE_STRIP = NO;
				DEBUG_INFORMATION_FORMAT = dwarf;
				ENABLE_STRICT_OBJC_MSGSEND = YES;
				ENABLE_TESTABILITY = YES;
				GCC_C_LANGUAGE_STANDARD = gnu11;
				GCC_DYNAMIC_NO_PIC = NO;
				GCC_NO_COMMON_BLOCKS = YES;
				GCC_OPTIMIZATION_LEVEL = 0;
				GCC_PREPROCESSOR_DEFINITIONS = (
					"DEBUG=1",
					"$(inherited)",
				);
				GCC_WARN_64_TO_32_BIT_CONVERSION = YES;
				GCC_WARN_ABOUT_RETURN_TYPE = YES_ERROR;
				GCC_WARN_UNDECLARED_SELECTOR = YES;
				GCC_WARN_UNINITIALIZED_AUTOS = YES_AGGRESSIVE;
				GCC_WARN_UNUSED_FUNCTION = YES;
				GCC_WARN_UNUSED_VARIABLE = YES;
				IPHONEOS_DEPLOYMENT_TARGET = 12.2;
				MTL_ENABLE_DEBUG_INFO = INCLUDE_SOURCE;
				MTL_FAST_MATH = YES;
				ONLY_ACTIVE_ARCH = YES;
				SDKROOT = iphoneos;
				SWIFT_ACTIVE_COMPILATION_CONDITIONS = DEBUG;
				SWIFT_OPTIMIZATION_LEVEL = "-Onone";
			};
			name = Debug;
		};
		84BDE2FD2263D009008C9B01 /* Release */ = {
			isa = XCBuildConfiguration;
			buildSettings = {
				ALWAYS_SEARCH_USER_PATHS = NO;
				CLANG_ANALYZER_NONNULL = YES;
				CLANG_ANALYZER_NUMBER_OBJECT_CONVERSION = YES_AGGRESSIVE;
				CLANG_CXX_LANGUAGE_STANDARD = "gnu++14";
				CLANG_CXX_LIBRARY = "libc++";
				CLANG_ENABLE_MODULES = YES;
				CLANG_ENABLE_OBJC_ARC = YES;
				CLANG_ENABLE_OBJC_WEAK = YES;
				CLANG_WARN_BLOCK_CAPTURE_AUTORELEASING = YES;
				CLANG_WARN_BOOL_CONVERSION = YES;
				CLANG_WARN_COMMA = YES;
				CLANG_WARN_CONSTANT_CONVERSION = YES;
				CLANG_WARN_DEPRECATED_OBJC_IMPLEMENTATIONS = YES;
				CLANG_WARN_DIRECT_OBJC_ISA_USAGE = YES_ERROR;
				CLANG_WARN_DOCUMENTATION_COMMENTS = YES;
				CLANG_WARN_EMPTY_BODY = YES;
				CLANG_WARN_ENUM_CONVERSION = YES;
				CLANG_WARN_INFINITE_RECURSION = YES;
				CLANG_WARN_INT_CONVERSION = YES;
				CLANG_WARN_NON_LITERAL_NULL_CONVERSION = YES;
				CLANG_WARN_OBJC_IMPLICIT_RETAIN_SELF = YES;
				CLANG_WARN_OBJC_LITERAL_CONVERSION = YES;
				CLANG_WARN_OBJC_ROOT_CLASS = YES_ERROR;
				CLANG_WARN_RANGE_LOOP_ANALYSIS = YES;
				CLANG_WARN_STRICT_PROTOTYPES = YES;
				CLANG_WARN_SUSPICIOUS_MOVE = YES;
				CLANG_WARN_UNGUARDED_AVAILABILITY = YES_AGGRESSIVE;
				CLANG_WARN_UNREACHABLE_CODE = YES;
				CLANG_WARN__DUPLICATE_METHOD_MATCH = YES;
				CODE_SIGN_IDENTITY = "iPhone Developer";
				COPY_PHASE_STRIP = NO;
				DEBUG_INFORMATION_FORMAT = "dwarf-with-dsym";
				ENABLE_NS_ASSERTIONS = NO;
				ENABLE_STRICT_OBJC_MSGSEND = YES;
				GCC_C_LANGUAGE_STANDARD = gnu11;
				GCC_NO_COMMON_BLOCKS = YES;
				GCC_WARN_64_TO_32_BIT_CONVERSION = YES;
				GCC_WARN_ABOUT_RETURN_TYPE = YES_ERROR;
				GCC_WARN_UNDECLARED_SELECTOR = YES;
				GCC_WARN_UNINITIALIZED_AUTOS = YES_AGGRESSIVE;
				GCC_WARN_UNUSED_FUNCTION = YES;
				GCC_WARN_UNUSED_VARIABLE = YES;
				IPHONEOS_DEPLOYMENT_TARGET = 12.2;
				MTL_ENABLE_DEBUG_INFO = NO;
				MTL_FAST_MATH = YES;
				SDKROOT = iphoneos;
				SWIFT_COMPILATION_MODE = wholemodule;
				SWIFT_OPTIMIZATION_LEVEL = "-O";
				VALIDATE_PRODUCT = YES;
			};
			name = Release;
		};
		84BDE2FF2263D009008C9B01 /* Debug */ = {
			isa = XCBuildConfiguration;
			baseConfigurationReference = F9B41562D11B512E79F2D91D /* Pods-Business_Search.debug.xcconfig */;
			buildSettings = {
				ASSETCATALOG_COMPILER_APPICON_NAME = AppIcon;
				CODE_SIGN_STYLE = Automatic;
				DEVELOPMENT_TEAM = S47KDE6E7N;
				INFOPLIST_FILE = Business_Search/Info.plist;
				LD_RUNPATH_SEARCH_PATHS = (
					"$(inherited)",
					"@executable_path/Frameworks",
				);
				PRODUCT_BUNDLE_IDENTIFIER = "asdf.ewr.eu.Business-Search";
				PRODUCT_NAME = "$(TARGET_NAME)";
				SWIFT_VERSION = 5.0;
				TARGETED_DEVICE_FAMILY = "1,2";
			};
			name = Debug;
		};
		84BDE3002263D009008C9B01 /* Release */ = {
			isa = XCBuildConfiguration;
			baseConfigurationReference = 961B70040D961DFBA66EB96C /* Pods-Business_Search.release.xcconfig */;
			buildSettings = {
				ASSETCATALOG_COMPILER_APPICON_NAME = AppIcon;
				CODE_SIGN_STYLE = Automatic;
				DEVELOPMENT_TEAM = S47KDE6E7N;
				INFOPLIST_FILE = Business_Search/Info.plist;
				LD_RUNPATH_SEARCH_PATHS = (
					"$(inherited)",
					"@executable_path/Frameworks",
				);
				PRODUCT_BUNDLE_IDENTIFIER = "asdf.ewr.eu.Business-Search";
				PRODUCT_NAME = "$(TARGET_NAME)";
				SWIFT_VERSION = 5.0;
				TARGETED_DEVICE_FAMILY = "1,2";
			};
			name = Release;
		};
		84EE7B7D2303878600EB5FF7 /* Debug */ = {
			isa = XCBuildConfiguration;
			buildSettings = {
				BUNDLE_LOADER = "$(TEST_HOST)";
				CODE_SIGN_STYLE = Automatic;
				DEVELOPMENT_TEAM = S47KDE6E7N;
				INFOPLIST_FILE = Business_SearchTests/Info.plist;
				IPHONEOS_DEPLOYMENT_TARGET = 12.4;
				LD_RUNPATH_SEARCH_PATHS = (
					"$(inherited)",
					"@executable_path/Frameworks",
					"@loader_path/Frameworks",
				);
				PRODUCT_BUNDLE_IDENTIFIER = "asdf.ewr.eu.Business-SearchTests";
				PRODUCT_NAME = "$(TARGET_NAME)";
				SWIFT_VERSION = 5.0;
				TARGETED_DEVICE_FAMILY = "1,2";
				TEST_HOST = "$(BUILT_PRODUCTS_DIR)/Business_Search.app/Business_Search";
			};
			name = Debug;
		};
		84EE7B7E2303878600EB5FF7 /* Release */ = {
			isa = XCBuildConfiguration;
			buildSettings = {
				BUNDLE_LOADER = "$(TEST_HOST)";
				CODE_SIGN_STYLE = Automatic;
				DEVELOPMENT_TEAM = S47KDE6E7N;
				INFOPLIST_FILE = Business_SearchTests/Info.plist;
				IPHONEOS_DEPLOYMENT_TARGET = 12.4;
				LD_RUNPATH_SEARCH_PATHS = (
					"$(inherited)",
					"@executable_path/Frameworks",
					"@loader_path/Frameworks",
				);
				PRODUCT_BUNDLE_IDENTIFIER = "asdf.ewr.eu.Business-SearchTests";
				PRODUCT_NAME = "$(TARGET_NAME)";
				SWIFT_VERSION = 5.0;
				TARGETED_DEVICE_FAMILY = "1,2";
				TEST_HOST = "$(BUILT_PRODUCTS_DIR)/Business_Search.app/Business_Search";
			};
			name = Release;
		};
/* End XCBuildConfiguration section */

/* Begin XCConfigurationList section */
		84BDE2E72263D006008C9B01 /* Build configuration list for PBXProject "Business_Search" */ = {
			isa = XCConfigurationList;
			buildConfigurations = (
				84BDE2FC2263D009008C9B01 /* Debug */,
				84BDE2FD2263D009008C9B01 /* Release */,
			);
			defaultConfigurationIsVisible = 0;
			defaultConfigurationName = Release;
		};
		84BDE2FE2263D009008C9B01 /* Build configuration list for PBXNativeTarget "Business_Search" */ = {
			isa = XCConfigurationList;
			buildConfigurations = (
				84BDE2FF2263D009008C9B01 /* Debug */,
				84BDE3002263D009008C9B01 /* Release */,
			);
			defaultConfigurationIsVisible = 0;
			defaultConfigurationName = Release;
		};
		84EE7B7C2303878600EB5FF7 /* Build configuration list for PBXNativeTarget "Business_SearchTests" */ = {
			isa = XCConfigurationList;
			buildConfigurations = (
				84EE7B7D2303878600EB5FF7 /* Debug */,
				84EE7B7E2303878600EB5FF7 /* Release */,
			);
			defaultConfigurationIsVisible = 0;
			defaultConfigurationName = Release;
		};
/* End XCConfigurationList section */

/* Begin XCVersionGroup section */
		84DC40E7226B7BD7003003C4 /* YelpDataModels.xcdatamodeld */ = {
			isa = XCVersionGroup;
			children = (
				84DC40E8226B7BD7003003C4 /* YelpData.xcdatamodel */,
			);
			currentVersion = 84DC40E8226B7BD7003003C4 /* YelpData.xcdatamodel */;
			path = YelpDataModels.xcdatamodeld;
			sourceTree = "<group>";
			versionGroupType = wrapper.xcdatamodel;
		};
/* End XCVersionGroup section */
	};
	rootObject = 84BDE2E42263D006008C9B01 /* Project object */;
}
